// !$*UTF8*$!
{
	archiveVersion = 1;
	classes = {
	};
	objectVersion = 46;
	objects = {

/* Begin PBXAggregateTarget section */
		A07106E2192166CF00CC7F5F /* tallymark: Git Version */ = {
			isa = PBXAggregateTarget;
			buildConfigurationList = A07106E5192166CF00CC7F5F /* Build configuration list for PBXAggregateTarget "tallymark: Git Version" */;
			buildPhases = (
				A07106E6192168DB00CC7F5F /* ShellScript */,
			);
			dependencies = (
			);
			name = "tallymark: Git Version";
			productName = "Tallymark: Version";
		};
		A0CF1B28192169D700E5C668 /* tallymark: all */ = {
			isa = PBXAggregateTarget;
			buildConfigurationList = A0CF1B29192169D700E5C668 /* Build configuration list for PBXAggregateTarget "tallymark: all" */;
			buildPhases = (
			);
			dependencies = (
				A0D4A841192673E200E05DA8 /* PBXTargetDependency */,
				A0D4A843192673E200E05DA8 /* PBXTargetDependency */,
				A0CF1B2D192169E700E5C668 /* PBXTargetDependency */,
				A0CF1B2F192169E700E5C668 /* PBXTargetDependency */,
			);
			name = "tallymark: all";
			productName = "tallymark: all";
		};
/* End PBXAggregateTarget section */

/* Begin PBXBuildFile section */
		A00C379E19281D9900342A67 /* tallymark_defs.h in Headers */ = {isa = PBXBuildFile; fileRef = A00C379D19281D9900342A67 /* tallymark_defs.h */; settings = {ATTRIBUTES = (Public, ); }; };
		A00C37A019281E6300342A67 /* git-package-version.h in Headers */ = {isa = PBXBuildFile; fileRef = A00C379F19281E6300342A67 /* git-package-version.h */; settings = {ATTRIBUTES = (Private, ); }; };
		A090DD60192A829F00F20EBE /* url.c in Sources */ = {isa = PBXBuildFile; fileRef = A090DD5E192A829F00F20EBE /* url.c */; };
		A090DD61192A829F00F20EBE /* url.h in Headers */ = {isa = PBXBuildFile; fileRef = A090DD5F192A829F00F20EBE /* url.h */; };
		A090DD6A192B19ED00F20EBE /* debug.c in Sources */ = {isa = PBXBuildFile; fileRef = A090DD68192B19ED00F20EBE /* debug.c */; };
		A090DD6B192B19ED00F20EBE /* debug.h in Headers */ = {isa = PBXBuildFile; fileRef = A090DD69192B19ED00F20EBE /* debug.h */; };
		A09D04C3192FEC4400C96985 /* conf.c in Sources */ = {isa = PBXBuildFile; fileRef = A09D04C0192FEC2600C96985 /* conf.c */; };
		A09D04C6193292E700C96985 /* cmd-info.c in Sources */ = {isa = PBXBuildFile; fileRef = A09D04C4193292E700C96985 /* cmd-info.c */; };
		A09D04C91932FD3600C96985 /* network.c in Sources */ = {isa = PBXBuildFile; fileRef = A09D04C71932FD3600C96985 /* network.c */; };
		A09D04CC1932FEF900C96985 /* debug.c in Sources */ = {isa = PBXBuildFile; fileRef = A09D04CA1932FEF900C96985 /* debug.c */; };
		A09D04CF193414D500C96985 /* cmd-help.c in Sources */ = {isa = PBXBuildFile; fileRef = A09D04CD193414D500C96985 /* cmd-help.c */; };
		A09D04D41934654300C96985 /* cmd-count.c in Sources */ = {isa = PBXBuildFile; fileRef = A09D04D01934654300C96985 /* cmd-count.c */; };
		A09D04D51934654300C96985 /* cmd-increment.c in Sources */ = {isa = PBXBuildFile; fileRef = A09D04D21934654300C96985 /* cmd-increment.c */; };
		A09D04D81934689400C96985 /* cmd-debugger.c in Sources */ = {isa = PBXBuildFile; fileRef = A09D04D61934689400C96985 /* cmd-debugger.c */; };
		A09D04DA1935473E00C96985 /* libcrypto.dylib in Frameworks */ = {isa = PBXBuildFile; fileRef = A09D04D91935473E00C96985 /* libcrypto.dylib */; };
		A09D04DE1935546000C96985 /* random.c in Sources */ = {isa = PBXBuildFile; fileRef = A09D04DC1935546000C96985 /* random.c */; };
		A09D04DF1935546000C96985 /* random.h in Headers */ = {isa = PBXBuildFile; fileRef = A09D04DD1935546000C96985 /* random.h */; };
		A09D04E21935BAB300C96985 /* cmd-threshold.c in Sources */ = {isa = PBXBuildFile; fileRef = A09D04E01935BAB300C96985 /* cmd-threshold.c */; };
		A0CF1B24192169A500E5C668 /* tallymark.h in Headers */ = {isa = PBXBuildFile; fileRef = A0AC5FCD192166330081CD19 /* tallymark.h */; settings = {ATTRIBUTES = (Public, ); }; };
		A0CF1B25192169A500E5C668 /* version.c in Sources */ = {isa = PBXBuildFile; fileRef = A0AC5FD2192166330081CD19 /* version.c */; };
		A0CF1B26192169B100E5C668 /* tallymarked.c in Sources */ = {isa = PBXBuildFile; fileRef = A0AC5FE0192166330081CD19 /* tallymarked.c */; };
		A0CF1B27192169C300E5C668 /* tallymarker.c in Sources */ = {isa = PBXBuildFile; fileRef = A0AC5FE2192166330081CD19 /* tallymarker.c */; };
		A0CF1B3019216A4000E5C668 /* libtallymark.a in Frameworks */ = {isa = PBXBuildFile; fileRef = A0AC5F8C1921657C0081CD19 /* libtallymark.a */; };
		A0CF1B3119216A4500E5C668 /* libtallymark.a in Frameworks */ = {isa = PBXBuildFile; fileRef = A0AC5F8C1921657C0081CD19 /* libtallymark.a */; };
		A0CF1B461921DEEA00E5C668 /* libbindle-osx.a in Frameworks */ = {isa = PBXBuildFile; fileRef = A0CF1B3F1921DEB200E5C668 /* libbindle-osx.a */; };
		A0CF1B471921DEF000E5C668 /* libbindle-osx.a in Frameworks */ = {isa = PBXBuildFile; fileRef = A0CF1B3F1921DEB200E5C668 /* libbindle-osx.a */; };
		A0CF1B57192206CD00E5C668 /* conf.c in Sources */ = {isa = PBXBuildFile; fileRef = A0CF1B55192206CD00E5C668 /* conf.c */; };
		A0CF1B5C1922D1C800E5C668 /* fdpoller-poll.c in Sources */ = {isa = PBXBuildFile; fileRef = A0CF1B591922D1C800E5C668 /* fdpoller-poll.c */; };
		A0CF1B5E1922D1C800E5C668 /* fdpoller.h in Headers */ = {isa = PBXBuildFile; fileRef = A0CF1B5B1922D1C800E5C668 /* fdpoller.h */; settings = {ATTRIBUTES = (Private, ); }; };
		A0CF1B651922DBD100E5C668 /* memory.c in Sources */ = {isa = PBXBuildFile; fileRef = A0CF1B631922DBD100E5C668 /* memory.c */; };
		A0CF1B661922DBD100E5C668 /* memory.h in Headers */ = {isa = PBXBuildFile; fileRef = A0CF1B641922DBD100E5C668 /* memory.h */; settings = {ATTRIBUTES = (Private, ); }; };
		A0CF1B671922DC0500E5C668 /* version.h in Headers */ = {isa = PBXBuildFile; fileRef = A0AC5FD3192166330081CD19 /* version.h */; settings = {ATTRIBUTES = (Private, ); }; };
		A0CF1B681922DC0F00E5C668 /* libtallymark.h in Headers */ = {isa = PBXBuildFile; fileRef = A0AC5FD0192166330081CD19 /* libtallymark.h */; settings = {ATTRIBUTES = (Private, ); }; };
		A0CF1B6B1923151900E5C668 /* thread.c in Sources */ = {isa = PBXBuildFile; fileRef = A0CF1B691923151900E5C668 /* thread.c */; };
		A0CF1B6C1923151900E5C668 /* thread.h in Headers */ = {isa = PBXBuildFile; fileRef = A0CF1B6A1923151900E5C668 /* thread.h */; };
		A0CF1B7119241E8400E5C668 /* tallymark_cdefs.h in Headers */ = {isa = PBXBuildFile; fileRef = A0CF1B7019241E8400E5C668 /* tallymark_cdefs.h */; settings = {ATTRIBUTES = (Public, ); }; };
		A0CF1B761924425900E5C668 /* message.c in Sources */ = {isa = PBXBuildFile; fileRef = A0CF1B741924425900E5C668 /* message.c */; };
		A0CF1B771924425900E5C668 /* message.h in Headers */ = {isa = PBXBuildFile; fileRef = A0CF1B751924425900E5C668 /* message.h */; };
		A0CF1B7A1924616600E5C668 /* error.c in Sources */ = {isa = PBXBuildFile; fileRef = A0CF1B781924616600E5C668 /* error.c */; };
		A0CF1B7B1924616600E5C668 /* error.h in Headers */ = {isa = PBXBuildFile; fileRef = A0CF1B791924616600E5C668 /* error.h */; };
		A0D4A8441926748C00E05DA8 /* socket-client.c in Sources */ = {isa = PBXBuildFile; fileRef = A0D4A8241926734D00E05DA8 /* socket-client.c */; };
		A0D4A8451926748F00E05DA8 /* socket-server.c in Sources */ = {isa = PBXBuildFile; fileRef = A0D4A8251926734D00E05DA8 /* socket-server.c */; };
/* End PBXBuildFile section */

/* Begin PBXContainerItemProxy section */
		A0AC5FE5192166A20081CD19 /* PBXContainerItemProxy */ = {
			isa = PBXContainerItemProxy;
			containerPortal = A070F765192165040091D372 /* Project object */;
			proxyType = 1;
			remoteGlobalIDString = A0AC5F8B1921657C0081CD19;
			remoteInfo = tallymark;
		};
		A0AC5FE7192166A70081CD19 /* PBXContainerItemProxy */ = {
			isa = PBXContainerItemProxy;
			containerPortal = A070F765192165040091D372 /* Project object */;
			proxyType = 1;
			remoteGlobalIDString = A0AC5F8B1921657C0081CD19;
			remoteInfo = tallymark;
		};
		A0CF1B2C192169E700E5C668 /* PBXContainerItemProxy */ = {
			isa = PBXContainerItemProxy;
			containerPortal = A070F765192165040091D372 /* Project object */;
			proxyType = 1;
			remoteGlobalIDString = A0AC5F94192165900081CD19;
			remoteInfo = tallymarker;
		};
		A0CF1B2E192169E700E5C668 /* PBXContainerItemProxy */ = {
			isa = PBXContainerItemProxy;
			containerPortal = A070F765192165040091D372 /* Project object */;
			proxyType = 1;
			remoteGlobalIDString = A0AC5FA11921659D0081CD19;
			remoteInfo = tallymarked;
		};
		A0CF1B3C1921DEB200E5C668 /* PBXContainerItemProxy */ = {
			isa = PBXContainerItemProxy;
			containerPortal = A0CF1B331921DEB200E5C668 /* bindletools.xcodeproj */;
			proxyType = 2;
			remoteGlobalIDString = A0EE9F2318DFE15600CF8788;
			remoteInfo = "bindle-ios";
		};
		A0CF1B3E1921DEB200E5C668 /* PBXContainerItemProxy */ = {
			isa = PBXContainerItemProxy;
			containerPortal = A0CF1B331921DEB200E5C668 /* bindletools.xcodeproj */;
			proxyType = 2;
			remoteGlobalIDString = A0EE9F1B18DFE10F00CF8788;
			remoteInfo = "bindle-osx";
		};
		A0CF1B401921DEB200E5C668 /* PBXContainerItemProxy */ = {
			isa = PBXContainerItemProxy;
			containerPortal = A0CF1B331921DEB200E5C668 /* bindletools.xcodeproj */;
			proxyType = 2;
			remoteGlobalIDString = A06092F718DF8FC000434E5C;
			remoteInfo = fdtest;
		};
		A0CF1B421921DED500E5C668 /* PBXContainerItemProxy */ = {
			isa = PBXContainerItemProxy;
			containerPortal = A0CF1B331921DEB200E5C668 /* bindletools.xcodeproj */;
			proxyType = 1;
			remoteGlobalIDString = A0EE9F1A18DFE10F00CF8788;
			remoteInfo = "bindle-osx";
		};
		A0CF1B441921DEDE00E5C668 /* PBXContainerItemProxy */ = {
			isa = PBXContainerItemProxy;
			containerPortal = A0CF1B331921DEB200E5C668 /* bindletools.xcodeproj */;
			proxyType = 1;
			remoteGlobalIDString = A0EE9F1A18DFE10F00CF8788;
			remoteInfo = "bindle-osx";
		};
		A0CF1B7219242F5100E5C668 /* PBXContainerItemProxy */ = {
			isa = PBXContainerItemProxy;
			containerPortal = A070F765192165040091D372 /* Project object */;
			proxyType = 1;
			remoteGlobalIDString = A07106E2192166CF00CC7F5F;
			remoteInfo = "tallymark: Git Version";
		};
		A0D4A840192673E200E05DA8 /* PBXContainerItemProxy */ = {
			isa = PBXContainerItemProxy;
			containerPortal = A070F765192165040091D372 /* Project object */;
			proxyType = 1;
			remoteGlobalIDString = A0D4A829192673C200E05DA8;
			remoteInfo = "udp-client";
		};
		A0D4A842192673E200E05DA8 /* PBXContainerItemProxy */ = {
			isa = PBXContainerItemProxy;
			containerPortal = A070F765192165040091D372 /* Project object */;
			proxyType = 1;
			remoteGlobalIDString = A0D4A836192673CB00E05DA8;
			remoteInfo = "udp-server";
		};
/* End PBXContainerItemProxy section */

/* Begin PBXCopyFilesBuildPhase section */
		A0AC5F93192165900081CD19 /* CopyFiles */ = {
			isa = PBXCopyFilesBuildPhase;
			buildActionMask = 2147483647;
			dstPath = /usr/share/man/man1/;
			dstSubfolderSpec = 0;
			files = (
			);
			runOnlyForDeploymentPostprocessing = 1;
		};
		A0AC5FA01921659D0081CD19 /* CopyFiles */ = {
			isa = PBXCopyFilesBuildPhase;
			buildActionMask = 2147483647;
			dstPath = /usr/share/man/man1/;
			dstSubfolderSpec = 0;
			files = (
			);
			runOnlyForDeploymentPostprocessing = 1;
		};
		A0D4A828192673C200E05DA8 /* CopyFiles */ = {
			isa = PBXCopyFilesBuildPhase;
			buildActionMask = 2147483647;
			dstPath = /usr/share/man/man1/;
			dstSubfolderSpec = 0;
			files = (
			);
			runOnlyForDeploymentPostprocessing = 1;
		};
		A0D4A835192673CB00E05DA8 /* CopyFiles */ = {
			isa = PBXCopyFilesBuildPhase;
			buildActionMask = 2147483647;
			dstPath = /usr/share/man/man1/;
			dstSubfolderSpec = 0;
			files = (
			);
			runOnlyForDeploymentPostprocessing = 1;
		};
/* End PBXCopyFilesBuildPhase section */

/* Begin PBXFileReference section */
		A00C379D19281D9900342A67 /* tallymark_defs.h */ = {isa = PBXFileReference; fileEncoding = 4; lastKnownFileType = sourcecode.c.h; path = tallymark_defs.h; sourceTree = "<group>"; };
		A00C379F19281E6300342A67 /* git-package-version.h */ = {isa = PBXFileReference; fileEncoding = 4; lastKnownFileType = sourcecode.c.h; path = "git-package-version.h"; sourceTree = "<group>"; };
		A090DD5C1929548B00F20EBE /* msg-header-errors.c */ = {isa = PBXFileReference; lastKnownFileType = sourcecode.c.c; path = "msg-header-errors.c"; sourceTree = "<group>"; };
		A090DD5E192A829F00F20EBE /* url.c */ = {isa = PBXFileReference; fileEncoding = 4; lastKnownFileType = sourcecode.c.c; path = url.c; sourceTree = "<group>"; };
		A090DD5F192A829F00F20EBE /* url.h */ = {isa = PBXFileReference; fileEncoding = 4; lastKnownFileType = sourcecode.c.h; path = url.h; sourceTree = "<group>"; };
		A090DD68192B19ED00F20EBE /* debug.c */ = {isa = PBXFileReference; fileEncoding = 4; lastKnownFileType = sourcecode.c.c; path = debug.c; sourceTree = "<group>"; };
		A090DD69192B19ED00F20EBE /* debug.h */ = {isa = PBXFileReference; fileEncoding = 4; lastKnownFileType = sourcecode.c.h; path = debug.h; sourceTree = "<group>"; };
		A090DD6C192B28AA00F20EBE /* url-parse.c */ = {isa = PBXFileReference; lastKnownFileType = sourcecode.c.c; path = "url-parse.c"; sourceTree = "<group>"; };
		A09D04C0192FEC2600C96985 /* conf.c */ = {isa = PBXFileReference; fileEncoding = 4; lastKnownFileType = sourcecode.c.c; path = conf.c; sourceTree = "<group>"; };
		A09D04C2192FEC3B00C96985 /* conf.h */ = {isa = PBXFileReference; fileEncoding = 4; lastKnownFileType = sourcecode.c.h; path = conf.h; sourceTree = "<group>"; };
		A09D04C4193292E700C96985 /* cmd-info.c */ = {isa = PBXFileReference; fileEncoding = 4; lastKnownFileType = sourcecode.c.c; path = "cmd-info.c"; sourceTree = "<group>"; };
		A09D04C5193292E700C96985 /* cmd-info.h */ = {isa = PBXFileReference; fileEncoding = 4; lastKnownFileType = sourcecode.c.h; path = "cmd-info.h"; sourceTree = "<group>"; };
		A09D04C71932FD3600C96985 /* network.c */ = {isa = PBXFileReference; fileEncoding = 4; lastKnownFileType = sourcecode.c.c; path = network.c; sourceTree = "<group>"; };
		A09D04C81932FD3600C96985 /* network.h */ = {isa = PBXFileReference; fileEncoding = 4; lastKnownFileType = sourcecode.c.h; path = network.h; sourceTree = "<group>"; };
		A09D04CA1932FEF900C96985 /* debug.c */ = {isa = PBXFileReference; fileEncoding = 4; lastKnownFileType = sourcecode.c.c; path = debug.c; sourceTree = "<group>"; };
		A09D04CB1932FEF900C96985 /* debug.h */ = {isa = PBXFileReference; fileEncoding = 4; lastKnownFileType = sourcecode.c.h; path = debug.h; sourceTree = "<group>"; };
		A09D04CD193414D500C96985 /* cmd-help.c */ = {isa = PBXFileReference; fileEncoding = 4; lastKnownFileType = sourcecode.c.c; path = "cmd-help.c"; sourceTree = "<group>"; };
		A09D04CE193414D500C96985 /* cmd-help.h */ = {isa = PBXFileReference; fileEncoding = 4; lastKnownFileType = sourcecode.c.h; path = "cmd-help.h"; sourceTree = "<group>"; };
		A09D04D01934654300C96985 /* cmd-count.c */ = {isa = PBXFileReference; fileEncoding = 4; lastKnownFileType = sourcecode.c.c; path = "cmd-count.c"; sourceTree = "<group>"; };
		A09D04D11934654300C96985 /* cmd-count.h */ = {isa = PBXFileReference; fileEncoding = 4; lastKnownFileType = sourcecode.c.h; path = "cmd-count.h"; sourceTree = "<group>"; };
		A09D04D21934654300C96985 /* cmd-increment.c */ = {isa = PBXFileReference; fileEncoding = 4; lastKnownFileType = sourcecode.c.c; path = "cmd-increment.c"; sourceTree = "<group>"; };
		A09D04D31934654300C96985 /* cmd-increment.h */ = {isa = PBXFileReference; fileEncoding = 4; lastKnownFileType = sourcecode.c.h; path = "cmd-increment.h"; sourceTree = "<group>"; };
		A09D04D61934689400C96985 /* cmd-debugger.c */ = {isa = PBXFileReference; fileEncoding = 4; lastKnownFileType = sourcecode.c.c; path = "cmd-debugger.c"; sourceTree = "<group>"; };
		A09D04D71934689400C96985 /* cmd-debugger.h */ = {isa = PBXFileReference; fileEncoding = 4; lastKnownFileType = sourcecode.c.h; path = "cmd-debugger.h"; sourceTree = "<group>"; };
		A09D04D91935473E00C96985 /* libcrypto.dylib */ = {isa = PBXFileReference; lastKnownFileType = "compiled.mach-o.dylib"; name = libcrypto.dylib; path = usr/lib/libcrypto.dylib; sourceTree = SDKROOT; };
		A09D04DC1935546000C96985 /* random.c */ = {isa = PBXFileReference; fileEncoding = 4; lastKnownFileType = sourcecode.c.c; path = random.c; sourceTree = "<group>"; };
		A09D04DD1935546000C96985 /* random.h */ = {isa = PBXFileReference; fileEncoding = 4; lastKnownFileType = sourcecode.c.h; path = random.h; sourceTree = "<group>"; };
		A09D04E01935BAB300C96985 /* cmd-threshold.c */ = {isa = PBXFileReference; fileEncoding = 4; lastKnownFileType = sourcecode.c.c; path = "cmd-threshold.c"; sourceTree = "<group>"; };
		A09D04E11935BAB300C96985 /* cmd-threshold.h */ = {isa = PBXFileReference; fileEncoding = 4; lastKnownFileType = sourcecode.c.h; path = "cmd-threshold.h"; sourceTree = "<group>"; };
		A0AC5F8C1921657C0081CD19 /* libtallymark.a */ = {isa = PBXFileReference; explicitFileType = archive.ar; includeInIndex = 0; path = libtallymark.a; sourceTree = BUILT_PRODUCTS_DIR; };
		A0AC5F95192165900081CD19 /* tallymarker */ = {isa = PBXFileReference; explicitFileType = "compiled.mach-o.executable"; includeInIndex = 0; path = tallymarker; sourceTree = BUILT_PRODUCTS_DIR; };
		A0AC5FA21921659D0081CD19 /* tallymarked */ = {isa = PBXFileReference; explicitFileType = "compiled.mach-o.executable"; includeInIndex = 0; path = tallymarked; sourceTree = BUILT_PRODUCTS_DIR; };
		A0AC5FB5192166330081CD19 /* acinclude.m4 */ = {isa = PBXFileReference; explicitFileType = text.script; path = acinclude.m4; sourceTree = "<group>"; };
		A0AC5FB6192166330081CD19 /* AUTHORS */ = {isa = PBXFileReference; lastKnownFileType = text; path = AUTHORS; sourceTree = "<group>"; };
		A0AC5FB7192166330081CD19 /* autogen.sh */ = {isa = PBXFileReference; lastKnownFileType = text.script.sh; path = autogen.sh; sourceTree = "<group>"; };
		A0AC5FBE192166330081CD19 /* git-tar-name.txt */ = {isa = PBXFileReference; lastKnownFileType = text; path = "git-tar-name.txt"; sourceTree = "<group>"; };
		A0AC5FC4192166330081CD19 /* ChangeLog */ = {isa = PBXFileReference; lastKnownFileType = text; path = ChangeLog; sourceTree = "<group>"; };
		A0AC5FC5192166330081CD19 /* configure.ac */ = {isa = PBXFileReference; explicitFileType = text.script; path = configure.ac; sourceTree = "<group>"; };
		A0AC5FC6192166330081CD19 /* COPYING */ = {isa = PBXFileReference; lastKnownFileType = text; path = COPYING; sourceTree = "<group>"; };
		A0AC5FCD192166330081CD19 /* tallymark.h */ = {isa = PBXFileReference; lastKnownFileType = sourcecode.c.h; path = tallymark.h; sourceTree = "<group>"; };
		A0AC5FD0192166330081CD19 /* libtallymark.h */ = {isa = PBXFileReference; lastKnownFileType = sourcecode.c.h; path = libtallymark.h; sourceTree = "<group>"; };
		A0AC5FD1192166330081CD19 /* libtallymark.sym */ = {isa = PBXFileReference; explicitFileType = text.script; path = libtallymark.sym; sourceTree = "<group>"; };
		A0AC5FD2192166330081CD19 /* version.c */ = {isa = PBXFileReference; lastKnownFileType = sourcecode.c.c; path = version.c; sourceTree = "<group>"; };
		A0AC5FD3192166330081CD19 /* version.h */ = {isa = PBXFileReference; lastKnownFileType = sourcecode.c.h; path = version.h; sourceTree = "<group>"; };
		A0AC5FDB192166330081CD19 /* Makefile.am */ = {isa = PBXFileReference; explicitFileType = sourcecode.make; indentWidth = 8; path = Makefile.am; sourceTree = "<group>"; tabWidth = 8; usesTabs = 1; };
		A0AC5FDC192166330081CD19 /* NEWS */ = {isa = PBXFileReference; lastKnownFileType = text; path = NEWS; sourceTree = "<group>"; };
		A0AC5FDD192166330081CD19 /* README */ = {isa = PBXFileReference; lastKnownFileType = text; path = README; sourceTree = "<group>"; };
		A0AC5FE0192166330081CD19 /* tallymarked.c */ = {isa = PBXFileReference; lastKnownFileType = sourcecode.c.c; path = tallymarked.c; sourceTree = "<group>"; };
		A0AC5FE2192166330081CD19 /* tallymarker.c */ = {isa = PBXFileReference; lastKnownFileType = sourcecode.c.c; path = tallymarker.c; sourceTree = "<group>"; };
		A0CF1B331921DEB200E5C668 /* bindletools.xcodeproj */ = {isa = PBXFileReference; lastKnownFileType = "wrapper.pb-project"; name = bindletools.xcodeproj; path = contrib/bindletools/bindletools.xcodeproj; sourceTree = "<group>"; };
		A0CF1B4E1921EF1F00E5C668 /* tallymarked.h */ = {isa = PBXFileReference; fileEncoding = 4; lastKnownFileType = sourcecode.c.h; path = tallymarked.h; sourceTree = "<group>"; };
		A0CF1B4F1921EFB200E5C668 /* tallymarker.h */ = {isa = PBXFileReference; fileEncoding = 4; lastKnownFileType = sourcecode.c.h; path = tallymarker.h; sourceTree = "<group>"; };
		A0CF1B55192206CD00E5C668 /* conf.c */ = {isa = PBXFileReference; fileEncoding = 4; lastKnownFileType = sourcecode.c.c; path = conf.c; sourceTree = "<group>"; };
		A0CF1B56192206CD00E5C668 /* conf.h */ = {isa = PBXFileReference; fileEncoding = 4; lastKnownFileType = sourcecode.c.h; path = conf.h; sourceTree = "<group>"; };
		A0CF1B591922D1C800E5C668 /* fdpoller-poll.c */ = {isa = PBXFileReference; fileEncoding = 4; lastKnownFileType = sourcecode.c.c; path = "fdpoller-poll.c"; sourceTree = "<group>"; };
		A0CF1B5B1922D1C800E5C668 /* fdpoller.h */ = {isa = PBXFileReference; fileEncoding = 4; lastKnownFileType = sourcecode.c.h; path = fdpoller.h; sourceTree = "<group>"; };
		A0CF1B631922DBD100E5C668 /* memory.c */ = {isa = PBXFileReference; fileEncoding = 4; lastKnownFileType = sourcecode.c.c; path = memory.c; sourceTree = "<group>"; };
		A0CF1B641922DBD100E5C668 /* memory.h */ = {isa = PBXFileReference; fileEncoding = 4; lastKnownFileType = sourcecode.c.h; path = memory.h; sourceTree = "<group>"; };
		A0CF1B691923151900E5C668 /* thread.c */ = {isa = PBXFileReference; fileEncoding = 4; lastKnownFileType = sourcecode.c.c; path = thread.c; sourceTree = "<group>"; };
		A0CF1B6A1923151900E5C668 /* thread.h */ = {isa = PBXFileReference; fileEncoding = 4; lastKnownFileType = sourcecode.c.h; path = thread.h; sourceTree = "<group>"; };
		A0CF1B6E1923535700E5C668 /* protocol.txt */ = {isa = PBXFileReference; lastKnownFileType = text; path = protocol.txt; sourceTree = "<group>"; };
		A0CF1B6F1923535700E5C668 /* record.txt */ = {isa = PBXFileReference; lastKnownFileType = text; path = record.txt; sourceTree = "<group>"; };
		A0CF1B7019241E8400E5C668 /* tallymark_cdefs.h */ = {isa = PBXFileReference; fileEncoding = 4; lastKnownFileType = sourcecode.c.h; path = tallymark_cdefs.h; sourceTree = "<group>"; };
		A0CF1B741924425900E5C668 /* message.c */ = {isa = PBXFileReference; fileEncoding = 4; lastKnownFileType = sourcecode.c.c; path = message.c; sourceTree = "<group>"; };
		A0CF1B751924425900E5C668 /* message.h */ = {isa = PBXFileReference; fileEncoding = 4; lastKnownFileType = sourcecode.c.h; path = message.h; sourceTree = "<group>"; };
		A0CF1B781924616600E5C668 /* error.c */ = {isa = PBXFileReference; fileEncoding = 4; lastKnownFileType = sourcecode.c.c; path = error.c; sourceTree = "<group>"; };
		A0CF1B791924616600E5C668 /* error.h */ = {isa = PBXFileReference; fileEncoding = 4; lastKnownFileType = sourcecode.c.h; path = error.h; sourceTree = "<group>"; };
		A0D4A8241926734D00E05DA8 /* socket-client.c */ = {isa = PBXFileReference; lastKnownFileType = sourcecode.c.c; path = "socket-client.c"; sourceTree = "<group>"; };
		A0D4A8251926734D00E05DA8 /* socket-server.c */ = {isa = PBXFileReference; lastKnownFileType = sourcecode.c.c; path = "socket-server.c"; sourceTree = "<group>"; };
		A0D4A82A192673C200E05DA8 /* udp-client */ = {isa = PBXFileReference; explicitFileType = "compiled.mach-o.executable"; includeInIndex = 0; path = "udp-client"; sourceTree = BUILT_PRODUCTS_DIR; };
		A0D4A837192673CB00E05DA8 /* udp-server */ = {isa = PBXFileReference; explicitFileType = "compiled.mach-o.executable"; includeInIndex = 0; path = "udp-server"; sourceTree = BUILT_PRODUCTS_DIR; };
/* End PBXFileReference section */

/* Begin PBXFrameworksBuildPhase section */
		A0AC5F891921657C0081CD19 /* Frameworks */ = {
			isa = PBXFrameworksBuildPhase;
			buildActionMask = 2147483647;
			files = (
			);
			runOnlyForDeploymentPostprocessing = 0;
		};
		A0AC5F92192165900081CD19 /* Frameworks */ = {
			isa = PBXFrameworksBuildPhase;
			buildActionMask = 2147483647;
			files = (
				A09D04DA1935473E00C96985 /* libcrypto.dylib in Frameworks */,
				A0CF1B471921DEF000E5C668 /* libbindle-osx.a in Frameworks */,
				A0CF1B3019216A4000E5C668 /* libtallymark.a in Frameworks */,
			);
			runOnlyForDeploymentPostprocessing = 0;
		};
		A0AC5F9F1921659D0081CD19 /* Frameworks */ = {
			isa = PBXFrameworksBuildPhase;
			buildActionMask = 2147483647;
			files = (
				A0CF1B461921DEEA00E5C668 /* libbindle-osx.a in Frameworks */,
				A0CF1B3119216A4500E5C668 /* libtallymark.a in Frameworks */,
			);
			runOnlyForDeploymentPostprocessing = 0;
		};
		A0D4A827192673C200E05DA8 /* Frameworks */ = {
			isa = PBXFrameworksBuildPhase;
			buildActionMask = 2147483647;
			files = (
			);
			runOnlyForDeploymentPostprocessing = 0;
		};
		A0D4A834192673CB00E05DA8 /* Frameworks */ = {
			isa = PBXFrameworksBuildPhase;
			buildActionMask = 2147483647;
			files = (
			);
			runOnlyForDeploymentPostprocessing = 0;
		};
/* End PBXFrameworksBuildPhase section */

/* Begin PBXGroup section */
		A070F764192165040091D372 = {
			isa = PBXGroup;
			children = (
				A0AC5FB5192166330081CD19 /* acinclude.m4 */,
				A0AC5FB6192166330081CD19 /* AUTHORS */,
				A0AC5FB7192166330081CD19 /* autogen.sh */,
				A0AC5FC4192166330081CD19 /* ChangeLog */,
				A0AC5FC5192166330081CD19 /* configure.ac */,
				A0AC5FC6192166330081CD19 /* COPYING */,
				A0AC5FDB192166330081CD19 /* Makefile.am */,
				A0AC5FDC192166330081CD19 /* NEWS */,
				A0AC5FDD192166330081CD19 /* README */,
				A0AC5FB8192166330081CD19 /* build-aux */,
				A0CF1B321921DE9F00E5C668 /* contrib */,
				A0AC5FC7192166330081CD19 /* docs */,
				A0AC5FC8192166330081CD19 /* include */,
				A0AC5FCE192166330081CD19 /* lib */,
				A0AC5FD4192166330081CD19 /* m4 */,
				A0AC5FDE192166330081CD19 /* src */,
				A090DD5B1929548B00F20EBE /* tests */,
				A09D04DB1935489E00C96985 /* Frameworks */,
				A0AC5F8D1921657C0081CD19 /* Products */,
			);
			sourceTree = "<group>";
		};
		A090DD5B1929548B00F20EBE /* tests */ = {
			isa = PBXGroup;
			children = (
				A090DD5C1929548B00F20EBE /* msg-header-errors.c */,
				A090DD6C192B28AA00F20EBE /* url-parse.c */,
			);
			path = tests;
			sourceTree = "<group>";
		};
		A09D04DB1935489E00C96985 /* Frameworks */ = {
			isa = PBXGroup;
			children = (
				A09D04D91935473E00C96985 /* libcrypto.dylib */,
			);
			name = Frameworks;
			sourceTree = "<group>";
		};
		A0AC5F8D1921657C0081CD19 /* Products */ = {
			isa = PBXGroup;
			children = (
				A0AC5F8C1921657C0081CD19 /* libtallymark.a */,
				A0AC5F95192165900081CD19 /* tallymarker */,
				A0AC5FA21921659D0081CD19 /* tallymarked */,
				A0D4A82A192673C200E05DA8 /* udp-client */,
				A0D4A837192673CB00E05DA8 /* udp-server */,
			);
			name = Products;
			sourceTree = "<group>";
		};
		A0AC5FB8192166330081CD19 /* build-aux */ = {
			isa = PBXGroup;
			children = (
				A0AC5FBE192166330081CD19 /* git-tar-name.txt */,
			);
			path = "build-aux";
			sourceTree = "<group>";
		};
		A0AC5FC7192166330081CD19 /* docs */ = {
			isa = PBXGroup;
			children = (
				A0CF1B6E1923535700E5C668 /* protocol.txt */,
				A0CF1B6F1923535700E5C668 /* record.txt */,
			);
			path = docs;
			sourceTree = "<group>";
		};
		A0AC5FC8192166330081CD19 /* include */ = {
			isa = PBXGroup;
			children = (
				A00C379F19281E6300342A67 /* git-package-version.h */,
				A0AC5FCD192166330081CD19 /* tallymark.h */,
				A0CF1B7019241E8400E5C668 /* tallymark_cdefs.h */,
				A00C379D19281D9900342A67 /* tallymark_defs.h */,
			);
			path = include;
			sourceTree = "<group>";
		};
		A0AC5FCE192166330081CD19 /* lib */ = {
			isa = PBXGroup;
			children = (
				A0AC5FCF192166330081CD19 /* libtallymark */,
			);
			path = lib;
			sourceTree = "<group>";
		};
		A0AC5FCF192166330081CD19 /* libtallymark */ = {
			isa = PBXGroup;
			children = (
				A0AC5FD0192166330081CD19 /* libtallymark.h */,
				A0AC5FD1192166330081CD19 /* libtallymark.sym */,
				A090DD68192B19ED00F20EBE /* debug.c */,
				A090DD69192B19ED00F20EBE /* debug.h */,
				A0CF1B781924616600E5C668 /* error.c */,
				A0CF1B791924616600E5C668 /* error.h */,
				A0CF1B591922D1C800E5C668 /* fdpoller-poll.c */,
				A0CF1B5B1922D1C800E5C668 /* fdpoller.h */,
				A0CF1B631922DBD100E5C668 /* memory.c */,
				A0CF1B641922DBD100E5C668 /* memory.h */,
				A0CF1B741924425900E5C668 /* message.c */,
				A0CF1B751924425900E5C668 /* message.h */,
				A09D04DC1935546000C96985 /* random.c */,
				A09D04DD1935546000C96985 /* random.h */,
				A0CF1B691923151900E5C668 /* thread.c */,
				A0CF1B6A1923151900E5C668 /* thread.h */,
				A090DD5E192A829F00F20EBE /* url.c */,
				A090DD5F192A829F00F20EBE /* url.h */,
				A0AC5FD2192166330081CD19 /* version.c */,
				A0AC5FD3192166330081CD19 /* version.h */,
			);
			path = libtallymark;
			sourceTree = "<group>";
		};
		A0AC5FD4192166330081CD19 /* m4 */ = {
			isa = PBXGroup;
			children = (
			);
			path = m4;
			sourceTree = "<group>";
		};
		A0AC5FDE192166330081CD19 /* src */ = {
			isa = PBXGroup;
			children = (
				A0D4A8231926734D00E05DA8 /* sockets */,
				A0AC5FE1192166330081CD19 /* tallymarkr */,
				A0AC5FDF192166330081CD19 /* tallymarkd */,
			);
			path = src;
			sourceTree = "<group>";
		};
		A0AC5FDF192166330081CD19 /* tallymarkd */ = {
			isa = PBXGroup;
			children = (
				A0CF1B55192206CD00E5C668 /* conf.c */,
				A0CF1B56192206CD00E5C668 /* conf.h */,
				A0AC5FE0192166330081CD19 /* tallymarked.c */,
				A0CF1B4E1921EF1F00E5C668 /* tallymarked.h */,
			);
			path = tallymarkd;
			sourceTree = "<group>";
		};
		A0AC5FE1192166330081CD19 /* tallymarkr */ = {
			isa = PBXGroup;
			children = (
				A09D04D01934654300C96985 /* cmd-count.c */,
				A09D04D11934654300C96985 /* cmd-count.h */,
				A09D04D61934689400C96985 /* cmd-debugger.c */,
				A09D04D71934689400C96985 /* cmd-debugger.h */,
				A09D04CD193414D500C96985 /* cmd-help.c */,
				A09D04CE193414D500C96985 /* cmd-help.h */,
				A09D04D21934654300C96985 /* cmd-increment.c */,
				A09D04D31934654300C96985 /* cmd-increment.h */,
				A09D04C4193292E700C96985 /* cmd-info.c */,
				A09D04C5193292E700C96985 /* cmd-info.h */,
				A09D04E01935BAB300C96985 /* cmd-threshold.c */,
				A09D04E11935BAB300C96985 /* cmd-threshold.h */,
				A09D04C0192FEC2600C96985 /* conf.c */,
				A09D04C2192FEC3B00C96985 /* conf.h */,
				A09D04CA1932FEF900C96985 /* debug.c */,
				A09D04CB1932FEF900C96985 /* debug.h */,
				A09D04C71932FD3600C96985 /* network.c */,
				A09D04C81932FD3600C96985 /* network.h */,
				A0AC5FE2192166330081CD19 /* tallymarker.c */,
				A0CF1B4F1921EFB200E5C668 /* tallymarker.h */,
			);
			path = tallymarkr;
			sourceTree = "<group>";
		};
		A0CF1B321921DE9F00E5C668 /* contrib */ = {
			isa = PBXGroup;
			children = (
				A0CF1B331921DEB200E5C668 /* bindletools.xcodeproj */,
			);
			name = contrib;
			sourceTree = "<group>";
		};
		A0CF1B341921DEB200E5C668 /* Products */ = {
			isa = PBXGroup;
			children = (
				A0CF1B3D1921DEB200E5C668 /* libbindle-ios.a */,
				A0CF1B3F1921DEB200E5C668 /* libbindle-osx.a */,
				A0CF1B411921DEB200E5C668 /* fdtest */,
			);
			name = Products;
			sourceTree = "<group>";
		};
		A0D4A8231926734D00E05DA8 /* sockets */ = {
			isa = PBXGroup;
			children = (
				A0D4A8241926734D00E05DA8 /* socket-client.c */,
				A0D4A8251926734D00E05DA8 /* socket-server.c */,
			);
			path = sockets;
			sourceTree = "<group>";
		};
/* End PBXGroup section */

/* Begin PBXHeadersBuildPhase section */
		A0AC5F8A1921657C0081CD19 /* Headers */ = {
			isa = PBXHeadersBuildPhase;
			buildActionMask = 2147483647;
			files = (
				A00C379E19281D9900342A67 /* tallymark_defs.h in Headers */,
				A0CF1B7B1924616600E5C668 /* error.h in Headers */,
				A00C37A019281E6300342A67 /* git-package-version.h in Headers */,
				A0CF1B6C1923151900E5C668 /* thread.h in Headers */,
				A0CF1B681922DC0F00E5C668 /* libtallymark.h in Headers */,
				A0CF1B24192169A500E5C668 /* tallymark.h in Headers */,
				A090DD61192A829F00F20EBE /* url.h in Headers */,
				A0CF1B7119241E8400E5C668 /* tallymark_cdefs.h in Headers */,
				A0CF1B771924425900E5C668 /* message.h in Headers */,
				A090DD6B192B19ED00F20EBE /* debug.h in Headers */,
				A0CF1B671922DC0500E5C668 /* version.h in Headers */,
				A0CF1B5E1922D1C800E5C668 /* fdpoller.h in Headers */,
				A0CF1B661922DBD100E5C668 /* memory.h in Headers */,
				A09D04DF1935546000C96985 /* random.h in Headers */,
			);
			runOnlyForDeploymentPostprocessing = 0;
		};
/* End PBXHeadersBuildPhase section */

/* Begin PBXNativeTarget section */
		A0AC5F8B1921657C0081CD19 /* tallymark */ = {
			isa = PBXNativeTarget;
			buildConfigurationList = A0AC5F901921657C0081CD19 /* Build configuration list for PBXNativeTarget "tallymark" */;
			buildPhases = (
				A0AC5F881921657C0081CD19 /* Sources */,
				A0AC5F891921657C0081CD19 /* Frameworks */,
				A0AC5F8A1921657C0081CD19 /* Headers */,
			);
			buildRules = (
			);
			dependencies = (
				A0CF1B7319242F5100E5C668 /* PBXTargetDependency */,
			);
			name = tallymark;
			productName = tallymark;
			productReference = A0AC5F8C1921657C0081CD19 /* libtallymark.a */;
			productType = "com.apple.product-type.library.static";
		};
		A0AC5F94192165900081CD19 /* tallymarker */ = {
			isa = PBXNativeTarget;
			buildConfigurationList = A0AC5F9B192165900081CD19 /* Build configuration list for PBXNativeTarget "tallymarker" */;
			buildPhases = (
				A0AC5F91192165900081CD19 /* Sources */,
				A0AC5F92192165900081CD19 /* Frameworks */,
				A0AC5F93192165900081CD19 /* CopyFiles */,
			);
			buildRules = (
			);
			dependencies = (
				A0CF1B451921DEDE00E5C668 /* PBXTargetDependency */,
				A0AC5FE6192166A20081CD19 /* PBXTargetDependency */,
			);
			name = tallymarker;
			productName = tallymarker;
			productReference = A0AC5F95192165900081CD19 /* tallymarker */;
			productType = "com.apple.product-type.tool";
		};
		A0AC5FA11921659D0081CD19 /* tallymarked */ = {
			isa = PBXNativeTarget;
			buildConfigurationList = A0AC5FA81921659D0081CD19 /* Build configuration list for PBXNativeTarget "tallymarked" */;
			buildPhases = (
				A0AC5F9E1921659D0081CD19 /* Sources */,
				A0AC5F9F1921659D0081CD19 /* Frameworks */,
				A0AC5FA01921659D0081CD19 /* CopyFiles */,
			);
			buildRules = (
			);
			dependencies = (
				A0CF1B431921DED500E5C668 /* PBXTargetDependency */,
				A0AC5FE8192166A70081CD19 /* PBXTargetDependency */,
			);
			name = tallymarked;
			productName = tallymarked;
			productReference = A0AC5FA21921659D0081CD19 /* tallymarked */;
			productType = "com.apple.product-type.tool";
		};
		A0D4A829192673C200E05DA8 /* udp-client */ = {
			isa = PBXNativeTarget;
			buildConfigurationList = A0D4A830192673C200E05DA8 /* Build configuration list for PBXNativeTarget "udp-client" */;
			buildPhases = (
				A0D4A826192673C200E05DA8 /* Sources */,
				A0D4A827192673C200E05DA8 /* Frameworks */,
				A0D4A828192673C200E05DA8 /* CopyFiles */,
			);
			buildRules = (
			);
			dependencies = (
			);
			name = "udp-client";
			productName = "udp-client";
			productReference = A0D4A82A192673C200E05DA8 /* udp-client */;
			productType = "com.apple.product-type.tool";
		};
		A0D4A836192673CB00E05DA8 /* udp-server */ = {
			isa = PBXNativeTarget;
			buildConfigurationList = A0D4A83D192673CB00E05DA8 /* Build configuration list for PBXNativeTarget "udp-server" */;
			buildPhases = (
				A0D4A833192673CB00E05DA8 /* Sources */,
				A0D4A834192673CB00E05DA8 /* Frameworks */,
				A0D4A835192673CB00E05DA8 /* CopyFiles */,
			);
			buildRules = (
			);
			dependencies = (
			);
			name = "udp-server";
			productName = "udp-server";
			productReference = A0D4A837192673CB00E05DA8 /* udp-server */;
			productType = "com.apple.product-type.tool";
		};
/* End PBXNativeTarget section */

/* Begin PBXProject section */
		A070F765192165040091D372 /* Project object */ = {
			isa = PBXProject;
			attributes = {
				LastUpgradeCheck = 0510;
			};
			buildConfigurationList = A070F768192165040091D372 /* Build configuration list for PBXProject "tallymark" */;
			compatibilityVersion = "Xcode 3.2";
			developmentRegion = English;
			hasScannedForEncodings = 0;
			knownRegions = (
				en,
			);
			mainGroup = A070F764192165040091D372;
			productRefGroup = A0AC5F8D1921657C0081CD19 /* Products */;
			projectDirPath = "";
			projectReferences = (
				{
					ProductGroup = A0CF1B341921DEB200E5C668 /* Products */;
					ProjectRef = A0CF1B331921DEB200E5C668 /* bindletools.xcodeproj */;
				},
			);
			projectRoot = "";
			targets = (
				A0AC5F8B1921657C0081CD19 /* tallymark */,
				A0AC5F94192165900081CD19 /* tallymarker */,
				A0AC5FA11921659D0081CD19 /* tallymarked */,
				A07106E2192166CF00CC7F5F /* tallymark: Git Version */,
				A0CF1B28192169D700E5C668 /* tallymark: all */,
				A0D4A829192673C200E05DA8 /* udp-client */,
				A0D4A836192673CB00E05DA8 /* udp-server */,
			);
		};
/* End PBXProject section */

/* Begin PBXReferenceProxy section */
		A0CF1B3D1921DEB200E5C668 /* libbindle-ios.a */ = {
			isa = PBXReferenceProxy;
			fileType = archive.ar;
			path = "libbindle-ios.a";
			remoteRef = A0CF1B3C1921DEB200E5C668 /* PBXContainerItemProxy */;
			sourceTree = BUILT_PRODUCTS_DIR;
		};
		A0CF1B3F1921DEB200E5C668 /* libbindle-osx.a */ = {
			isa = PBXReferenceProxy;
			fileType = archive.ar;
			path = "libbindle-osx.a";
			remoteRef = A0CF1B3E1921DEB200E5C668 /* PBXContainerItemProxy */;
			sourceTree = BUILT_PRODUCTS_DIR;
		};
		A0CF1B411921DEB200E5C668 /* fdtest */ = {
			isa = PBXReferenceProxy;
			fileType = "compiled.mach-o.executable";
			path = fdtest;
			remoteRef = A0CF1B401921DEB200E5C668 /* PBXContainerItemProxy */;
			sourceTree = BUILT_PRODUCTS_DIR;
		};
/* End PBXReferenceProxy section */

/* Begin PBXShellScriptBuildPhase section */
		A07106E6192168DB00CC7F5F /* ShellScript */ = {
			isa = PBXShellScriptBuildPhase;
			buildActionMask = 2147483647;
			files = (
			);
			inputPaths = (
			);
			outputPaths = (
			);
			runOnlyForDeploymentPostprocessing = 0;
			shellPath = /bin/sh;
			shellScript = "contrib/bindletools/build-aux/git-package-version.sh ${PROJECT_DIR} ${PROJECT_DIR}/include";
			showEnvVarsInLog = 0;
		};
/* End PBXShellScriptBuildPhase section */

/* Begin PBXSourcesBuildPhase section */
		A0AC5F881921657C0081CD19 /* Sources */ = {
			isa = PBXSourcesBuildPhase;
			buildActionMask = 2147483647;
			files = (
				A0CF1B7A1924616600E5C668 /* error.c in Sources */,
				A0CF1B761924425900E5C668 /* message.c in Sources */,
				A0CF1B25192169A500E5C668 /* version.c in Sources */,
				A0CF1B6B1923151900E5C668 /* thread.c in Sources */,
				A09D04DE1935546000C96985 /* random.c in Sources */,
				A090DD60192A829F00F20EBE /* url.c in Sources */,
				A0CF1B651922DBD100E5C668 /* memory.c in Sources */,
				A0CF1B5C1922D1C800E5C668 /* fdpoller-poll.c in Sources */,
				A090DD6A192B19ED00F20EBE /* debug.c in Sources */,
			);
			runOnlyForDeploymentPostprocessing = 0;
		};
		A0AC5F91192165900081CD19 /* Sources */ = {
			isa = PBXSourcesBuildPhase;
			buildActionMask = 2147483647;
			files = (
				A09D04E21935BAB300C96985 /* cmd-threshold.c in Sources */,
				A09D04C91932FD3600C96985 /* network.c in Sources */,
				A09D04D41934654300C96985 /* cmd-count.c in Sources */,
				A09D04D81934689400C96985 /* cmd-debugger.c in Sources */,
				A09D04CC1932FEF900C96985 /* debug.c in Sources */,
				A0CF1B27192169C300E5C668 /* tallymarker.c in Sources */,
				A09D04CF193414D500C96985 /* cmd-help.c in Sources */,
				A09D04C3192FEC4400C96985 /* conf.c in Sources */,
				A09D04D51934654300C96985 /* cmd-increment.c in Sources */,
				A09D04C6193292E700C96985 /* cmd-info.c in Sources */,
			);
			runOnlyForDeploymentPostprocessing = 0;
		};
		A0AC5F9E1921659D0081CD19 /* Sources */ = {
			isa = PBXSourcesBuildPhase;
			buildActionMask = 2147483647;
			files = (
				A0CF1B57192206CD00E5C668 /* conf.c in Sources */,
				A0CF1B26192169B100E5C668 /* tallymarked.c in Sources */,
			);
			runOnlyForDeploymentPostprocessing = 0;
		};
		A0D4A826192673C200E05DA8 /* Sources */ = {
			isa = PBXSourcesBuildPhase;
			buildActionMask = 2147483647;
			files = (
				A0D4A8441926748C00E05DA8 /* socket-client.c in Sources */,
			);
			runOnlyForDeploymentPostprocessing = 0;
		};
		A0D4A833192673CB00E05DA8 /* Sources */ = {
			isa = PBXSourcesBuildPhase;
			buildActionMask = 2147483647;
			files = (
				A0D4A8451926748F00E05DA8 /* socket-server.c in Sources */,
			);
			runOnlyForDeploymentPostprocessing = 0;
		};
/* End PBXSourcesBuildPhase section */

/* Begin PBXTargetDependency section */
		A0AC5FE6192166A20081CD19 /* PBXTargetDependency */ = {
			isa = PBXTargetDependency;
			target = A0AC5F8B1921657C0081CD19 /* tallymark */;
			targetProxy = A0AC5FE5192166A20081CD19 /* PBXContainerItemProxy */;
		};
		A0AC5FE8192166A70081CD19 /* PBXTargetDependency */ = {
			isa = PBXTargetDependency;
			target = A0AC5F8B1921657C0081CD19 /* tallymark */;
			targetProxy = A0AC5FE7192166A70081CD19 /* PBXContainerItemProxy */;
		};
		A0CF1B2D192169E700E5C668 /* PBXTargetDependency */ = {
			isa = PBXTargetDependency;
			target = A0AC5F94192165900081CD19 /* tallymarker */;
			targetProxy = A0CF1B2C192169E700E5C668 /* PBXContainerItemProxy */;
		};
		A0CF1B2F192169E700E5C668 /* PBXTargetDependency */ = {
			isa = PBXTargetDependency;
			target = A0AC5FA11921659D0081CD19 /* tallymarked */;
			targetProxy = A0CF1B2E192169E700E5C668 /* PBXContainerItemProxy */;
		};
		A0CF1B431921DED500E5C668 /* PBXTargetDependency */ = {
			isa = PBXTargetDependency;
			name = "bindle-osx";
			targetProxy = A0CF1B421921DED500E5C668 /* PBXContainerItemProxy */;
		};
		A0CF1B451921DEDE00E5C668 /* PBXTargetDependency */ = {
			isa = PBXTargetDependency;
			name = "bindle-osx";
			targetProxy = A0CF1B441921DEDE00E5C668 /* PBXContainerItemProxy */;
		};
		A0CF1B7319242F5100E5C668 /* PBXTargetDependency */ = {
			isa = PBXTargetDependency;
			target = A07106E2192166CF00CC7F5F /* tallymark: Git Version */;
			targetProxy = A0CF1B7219242F5100E5C668 /* PBXContainerItemProxy */;
		};
		A0D4A841192673E200E05DA8 /* PBXTargetDependency */ = {
			isa = PBXTargetDependency;
			target = A0D4A829192673C200E05DA8 /* udp-client */;
			targetProxy = A0D4A840192673E200E05DA8 /* PBXContainerItemProxy */;
		};
		A0D4A843192673E200E05DA8 /* PBXTargetDependency */ = {
			isa = PBXTargetDependency;
			target = A0D4A836192673CB00E05DA8 /* udp-server */;
			targetProxy = A0D4A842192673E200E05DA8 /* PBXContainerItemProxy */;
		};
/* End PBXTargetDependency section */

/* Begin XCBuildConfiguration section */
		A070F769192165040091D372 /* Debug */ = {
			isa = XCBuildConfiguration;
			buildSettings = {
				CLANG_WARN_DOCUMENTATION_COMMENTS = YES;
				CLANG_WARN_EMPTY_BODY = YES;
				CLANG_WARN_IMPLICIT_SIGN_CONVERSION = YES;
				CLANG_WARN_SUSPICIOUS_IMPLICIT_CONVERSION = YES;
				GCC_TREAT_IMPLICIT_FUNCTION_DECLARATIONS_AS_ERRORS = YES;
				GCC_TREAT_INCOMPATIBLE_POINTER_TYPE_WARNINGS_AS_ERRORS = YES;
				GCC_TREAT_WARNINGS_AS_ERRORS = YES;
				GCC_WARN_64_TO_32_BIT_CONVERSION = YES;
				GCC_WARN_ABOUT_MISSING_FIELD_INITIALIZERS = YES;
				GCC_WARN_ABOUT_MISSING_NEWLINE = YES;
				GCC_WARN_ABOUT_MISSING_PROTOTYPES = YES;
				GCC_WARN_ABOUT_RETURN_TYPE = YES_ERROR;
				GCC_WARN_FOUR_CHARACTER_CONSTANTS = YES;
				GCC_WARN_INITIALIZER_NOT_FULLY_BRACKETED = YES;
				GCC_WARN_PEDANTIC = YES;
				GCC_WARN_SHADOW = YES;
				GCC_WARN_SIGN_COMPARE = YES;
				GCC_WARN_UNINITIALIZED_AUTOS = YES_AGGRESSIVE;
				GCC_WARN_UNUSED_FUNCTION = YES;
				GCC_WARN_UNUSED_LABEL = YES;
				GCC_WARN_UNUSED_PARAMETER = YES;
				GCC_WARN_UNUSED_VARIABLE = YES;
				HEADER_SEARCH_PATHS = (
					"$(inherited)",
					/Applications/Xcode.app/Contents/Developer/Toolchains/XcodeDefault.xctoolchain/usr/include,
					include,
					contrib/bindletools/include,
				);
			};
			name = Debug;
		};
		A070F76A192165040091D372 /* Release */ = {
			isa = XCBuildConfiguration;
			buildSettings = {
				CLANG_WARN_DOCUMENTATION_COMMENTS = YES;
				CLANG_WARN_EMPTY_BODY = YES;
				CLANG_WARN_IMPLICIT_SIGN_CONVERSION = YES;
				CLANG_WARN_SUSPICIOUS_IMPLICIT_CONVERSION = YES;
				GCC_TREAT_IMPLICIT_FUNCTION_DECLARATIONS_AS_ERRORS = YES;
				GCC_TREAT_INCOMPATIBLE_POINTER_TYPE_WARNINGS_AS_ERRORS = YES;
				GCC_TREAT_WARNINGS_AS_ERRORS = YES;
				GCC_WARN_64_TO_32_BIT_CONVERSION = YES;
				GCC_WARN_ABOUT_MISSING_FIELD_INITIALIZERS = YES;
				GCC_WARN_ABOUT_MISSING_NEWLINE = YES;
				GCC_WARN_ABOUT_MISSING_PROTOTYPES = YES;
				GCC_WARN_ABOUT_RETURN_TYPE = YES_ERROR;
				GCC_WARN_FOUR_CHARACTER_CONSTANTS = YES;
				GCC_WARN_INITIALIZER_NOT_FULLY_BRACKETED = YES;
				GCC_WARN_PEDANTIC = YES;
				GCC_WARN_SHADOW = YES;
				GCC_WARN_SIGN_COMPARE = YES;
				GCC_WARN_UNINITIALIZED_AUTOS = YES_AGGRESSIVE;
				GCC_WARN_UNUSED_FUNCTION = YES;
				GCC_WARN_UNUSED_LABEL = YES;
				GCC_WARN_UNUSED_PARAMETER = YES;
				GCC_WARN_UNUSED_VARIABLE = YES;
				HEADER_SEARCH_PATHS = (
					"$(inherited)",
					/Applications/Xcode.app/Contents/Developer/Toolchains/XcodeDefault.xctoolchain/usr/include,
					include,
					contrib/bindletools/include,
				);
			};
			name = Release;
		};
		A07106E3192166CF00CC7F5F /* Debug */ = {
			isa = XCBuildConfiguration;
			buildSettings = {
				PRODUCT_NAME = "$(TARGET_NAME)";
			};
			name = Debug;
		};
		A07106E4192166CF00CC7F5F /* Release */ = {
			isa = XCBuildConfiguration;
			buildSettings = {
				PRODUCT_NAME = "$(TARGET_NAME)";
			};
			name = Release;
		};
		A0AC5F8E1921657C0081CD19 /* Debug */ = {
			isa = XCBuildConfiguration;
			buildSettings = {
				ALWAYS_SEARCH_USER_PATHS = NO;
				CLANG_CXX_LANGUAGE_STANDARD = "gnu++0x";
				CLANG_CXX_LIBRARY = "libc++";
				CLANG_ENABLE_MODULES = YES;
				CLANG_ENABLE_OBJC_ARC = YES;
				CLANG_WARN_BOOL_CONVERSION = YES;
				CLANG_WARN_CONSTANT_CONVERSION = YES;
				CLANG_WARN_DIRECT_OBJC_ISA_USAGE = YES_ERROR;
				CLANG_WARN_EMPTY_BODY = YES;
				CLANG_WARN_ENUM_CONVERSION = YES;
				CLANG_WARN_INT_CONVERSION = YES;
				CLANG_WARN_OBJC_ROOT_CLASS = YES_ERROR;
				CLANG_WARN__DUPLICATE_METHOD_MATCH = YES;
				COPY_PHASE_STRIP = NO;
				EXECUTABLE_PREFIX = lib;
				GCC_C_LANGUAGE_STANDARD = gnu99;
				GCC_DYNAMIC_NO_PIC = NO;
				GCC_ENABLE_OBJC_EXCEPTIONS = YES;
				GCC_OPTIMIZATION_LEVEL = 0;
				GCC_PREPROCESSOR_DEFINITIONS = (
					"DEBUG=1",
					"$(inherited)",
				);
				GCC_SYMBOLS_PRIVATE_EXTERN = NO;
				GCC_WARN_64_TO_32_BIT_CONVERSION = YES;
				GCC_WARN_ABOUT_RETURN_TYPE = YES_ERROR;
				GCC_WARN_UNDECLARED_SELECTOR = YES;
				GCC_WARN_UNINITIALIZED_AUTOS = YES_AGGRESSIVE;
				GCC_WARN_UNUSED_FUNCTION = YES;
				GCC_WARN_UNUSED_VARIABLE = YES;
				MACOSX_DEPLOYMENT_TARGET = 10.9;
				ONLY_ACTIVE_ARCH = YES;
				PRODUCT_NAME = "$(TARGET_NAME)";
				SDKROOT = macosx;
			};
			name = Debug;
		};
		A0AC5F8F1921657C0081CD19 /* Release */ = {
			isa = XCBuildConfiguration;
			buildSettings = {
				ALWAYS_SEARCH_USER_PATHS = NO;
				CLANG_CXX_LANGUAGE_STANDARD = "gnu++0x";
				CLANG_CXX_LIBRARY = "libc++";
				CLANG_ENABLE_MODULES = YES;
				CLANG_ENABLE_OBJC_ARC = YES;
				CLANG_WARN_BOOL_CONVERSION = YES;
				CLANG_WARN_CONSTANT_CONVERSION = YES;
				CLANG_WARN_DIRECT_OBJC_ISA_USAGE = YES_ERROR;
				CLANG_WARN_EMPTY_BODY = YES;
				CLANG_WARN_ENUM_CONVERSION = YES;
				CLANG_WARN_INT_CONVERSION = YES;
				CLANG_WARN_OBJC_ROOT_CLASS = YES_ERROR;
				CLANG_WARN__DUPLICATE_METHOD_MATCH = YES;
				COPY_PHASE_STRIP = YES;
				DEBUG_INFORMATION_FORMAT = "dwarf-with-dsym";
				ENABLE_NS_ASSERTIONS = NO;
				EXECUTABLE_PREFIX = lib;
				GCC_C_LANGUAGE_STANDARD = gnu99;
				GCC_ENABLE_OBJC_EXCEPTIONS = YES;
				GCC_WARN_64_TO_32_BIT_CONVERSION = YES;
				GCC_WARN_ABOUT_RETURN_TYPE = YES_ERROR;
				GCC_WARN_UNDECLARED_SELECTOR = YES;
				GCC_WARN_UNINITIALIZED_AUTOS = YES_AGGRESSIVE;
				GCC_WARN_UNUSED_FUNCTION = YES;
				GCC_WARN_UNUSED_VARIABLE = YES;
				MACOSX_DEPLOYMENT_TARGET = 10.9;
				PRODUCT_NAME = "$(TARGET_NAME)";
				SDKROOT = macosx;
			};
			name = Release;
		};
		A0AC5F9C192165900081CD19 /* Debug */ = {
			isa = XCBuildConfiguration;
			buildSettings = {
				ALWAYS_SEARCH_USER_PATHS = NO;
				CLANG_CXX_LANGUAGE_STANDARD = "gnu++0x";
				CLANG_CXX_LIBRARY = "libc++";
				CLANG_ENABLE_MODULES = YES;
				CLANG_ENABLE_OBJC_ARC = YES;
				CLANG_WARN_BOOL_CONVERSION = YES;
				CLANG_WARN_CONSTANT_CONVERSION = YES;
				CLANG_WARN_DIRECT_OBJC_ISA_USAGE = YES_ERROR;
				CLANG_WARN_EMPTY_BODY = YES;
				CLANG_WARN_ENUM_CONVERSION = YES;
				CLANG_WARN_INT_CONVERSION = YES;
				CLANG_WARN_OBJC_ROOT_CLASS = YES_ERROR;
				CLANG_WARN__DUPLICATE_METHOD_MATCH = YES;
				COPY_PHASE_STRIP = NO;
				GCC_C_LANGUAGE_STANDARD = gnu99;
				GCC_DYNAMIC_NO_PIC = NO;
				GCC_ENABLE_OBJC_EXCEPTIONS = YES;
				GCC_OPTIMIZATION_LEVEL = 0;
				GCC_PREPROCESSOR_DEFINITIONS = (
					"DEBUG=1",
					"$(inherited)",
				);
				GCC_SYMBOLS_PRIVATE_EXTERN = NO;
				GCC_WARN_64_TO_32_BIT_CONVERSION = YES;
				GCC_WARN_ABOUT_RETURN_TYPE = YES_ERROR;
				GCC_WARN_UNDECLARED_SELECTOR = YES;
				GCC_WARN_UNINITIALIZED_AUTOS = YES_AGGRESSIVE;
				GCC_WARN_UNUSED_FUNCTION = YES;
				GCC_WARN_UNUSED_VARIABLE = YES;
				MACOSX_DEPLOYMENT_TARGET = 10.9;
				ONLY_ACTIVE_ARCH = YES;
				PRODUCT_NAME = "$(TARGET_NAME)";
				SDKROOT = macosx;
			};
			name = Debug;
		};
		A0AC5F9D192165900081CD19 /* Release */ = {
			isa = XCBuildConfiguration;
			buildSettings = {
				ALWAYS_SEARCH_USER_PATHS = NO;
				CLANG_CXX_LANGUAGE_STANDARD = "gnu++0x";
				CLANG_CXX_LIBRARY = "libc++";
				CLANG_ENABLE_MODULES = YES;
				CLANG_ENABLE_OBJC_ARC = YES;
				CLANG_WARN_BOOL_CONVERSION = YES;
				CLANG_WARN_CONSTANT_CONVERSION = YES;
				CLANG_WARN_DIRECT_OBJC_ISA_USAGE = YES_ERROR;
				CLANG_WARN_EMPTY_BODY = YES;
				CLANG_WARN_ENUM_CONVERSION = YES;
				CLANG_WARN_INT_CONVERSION = YES;
				CLANG_WARN_OBJC_ROOT_CLASS = YES_ERROR;
				CLANG_WARN__DUPLICATE_METHOD_MATCH = YES;
				COPY_PHASE_STRIP = YES;
				DEBUG_INFORMATION_FORMAT = "dwarf-with-dsym";
				ENABLE_NS_ASSERTIONS = NO;
				GCC_C_LANGUAGE_STANDARD = gnu99;
				GCC_ENABLE_OBJC_EXCEPTIONS = YES;
				GCC_WARN_64_TO_32_BIT_CONVERSION = YES;
				GCC_WARN_ABOUT_RETURN_TYPE = YES_ERROR;
				GCC_WARN_UNDECLARED_SELECTOR = YES;
				GCC_WARN_UNINITIALIZED_AUTOS = YES_AGGRESSIVE;
				GCC_WARN_UNUSED_FUNCTION = YES;
				GCC_WARN_UNUSED_VARIABLE = YES;
				MACOSX_DEPLOYMENT_TARGET = 10.9;
				PRODUCT_NAME = "$(TARGET_NAME)";
				SDKROOT = macosx;
			};
			name = Release;
		};
		A0AC5FA91921659D0081CD19 /* Debug */ = {
			isa = XCBuildConfiguration;
			buildSettings = {
				ALWAYS_SEARCH_USER_PATHS = NO;
				CLANG_CXX_LANGUAGE_STANDARD = "gnu++0x";
				CLANG_CXX_LIBRARY = "libc++";
				CLANG_ENABLE_MODULES = YES;
				CLANG_ENABLE_OBJC_ARC = YES;
				CLANG_WARN_BOOL_CONVERSION = YES;
				CLANG_WARN_CONSTANT_CONVERSION = YES;
				CLANG_WARN_DIRECT_OBJC_ISA_USAGE = YES_ERROR;
				CLANG_WARN_EMPTY_BODY = YES;
				CLANG_WARN_ENUM_CONVERSION = YES;
				CLANG_WARN_INT_CONVERSION = YES;
				CLANG_WARN_OBJC_ROOT_CLASS = YES_ERROR;
				CLANG_WARN__DUPLICATE_METHOD_MATCH = YES;
				COPY_PHASE_STRIP = NO;
				GCC_C_LANGUAGE_STANDARD = gnu99;
				GCC_DYNAMIC_NO_PIC = NO;
				GCC_ENABLE_OBJC_EXCEPTIONS = YES;
				GCC_OPTIMIZATION_LEVEL = 0;
				GCC_PREPROCESSOR_DEFINITIONS = (
					"DEBUG=1",
					"$(inherited)",
				);
				GCC_SYMBOLS_PRIVATE_EXTERN = NO;
				GCC_WARN_64_TO_32_BIT_CONVERSION = YES;
				GCC_WARN_ABOUT_RETURN_TYPE = YES_ERROR;
				GCC_WARN_UNDECLARED_SELECTOR = YES;
				GCC_WARN_UNINITIALIZED_AUTOS = YES_AGGRESSIVE;
				GCC_WARN_UNUSED_FUNCTION = YES;
				GCC_WARN_UNUSED_VARIABLE = YES;
				MACOSX_DEPLOYMENT_TARGET = 10.9;
				ONLY_ACTIVE_ARCH = YES;
				PRODUCT_NAME = "$(TARGET_NAME)";
				SDKROOT = macosx;
			};
			name = Debug;
		};
		A0AC5FAA1921659D0081CD19 /* Release */ = {
			isa = XCBuildConfiguration;
			buildSettings = {
				ALWAYS_SEARCH_USER_PATHS = NO;
				CLANG_CXX_LANGUAGE_STANDARD = "gnu++0x";
				CLANG_CXX_LIBRARY = "libc++";
				CLANG_ENABLE_MODULES = YES;
				CLANG_ENABLE_OBJC_ARC = YES;
				CLANG_WARN_BOOL_CONVERSION = YES;
				CLANG_WARN_CONSTANT_CONVERSION = YES;
				CLANG_WARN_DIRECT_OBJC_ISA_USAGE = YES_ERROR;
				CLANG_WARN_EMPTY_BODY = YES;
				CLANG_WARN_ENUM_CONVERSION = YES;
				CLANG_WARN_INT_CONVERSION = YES;
				CLANG_WARN_OBJC_ROOT_CLASS = YES_ERROR;
				CLANG_WARN__DUPLICATE_METHOD_MATCH = YES;
				COPY_PHASE_STRIP = YES;
				DEBUG_INFORMATION_FORMAT = "dwarf-with-dsym";
				ENABLE_NS_ASSERTIONS = NO;
				GCC_C_LANGUAGE_STANDARD = gnu99;
				GCC_ENABLE_OBJC_EXCEPTIONS = YES;
				GCC_WARN_64_TO_32_BIT_CONVERSION = YES;
				GCC_WARN_ABOUT_RETURN_TYPE = YES_ERROR;
				GCC_WARN_UNDECLARED_SELECTOR = YES;
				GCC_WARN_UNINITIALIZED_AUTOS = YES_AGGRESSIVE;
				GCC_WARN_UNUSED_FUNCTION = YES;
				GCC_WARN_UNUSED_VARIABLE = YES;
				MACOSX_DEPLOYMENT_TARGET = 10.9;
				PRODUCT_NAME = "$(TARGET_NAME)";
				SDKROOT = macosx;
			};
			name = Release;
		};
		A0CF1B2A192169D700E5C668 /* Debug */ = {
			isa = XCBuildConfiguration;
			buildSettings = {
				PRODUCT_NAME = "$(TARGET_NAME)";
			};
			name = Debug;
		};
		A0CF1B2B192169D700E5C668 /* Release */ = {
			isa = XCBuildConfiguration;
			buildSettings = {
				PRODUCT_NAME = "$(TARGET_NAME)";
			};
			name = Release;
		};
		A0D4A831192673C200E05DA8 /* Debug */ = {
			isa = XCBuildConfiguration;
			buildSettings = {
				ALWAYS_SEARCH_USER_PATHS = NO;
				CLANG_CXX_LANGUAGE_STANDARD = "gnu++0x";
				CLANG_CXX_LIBRARY = "libc++";
				CLANG_ENABLE_MODULES = YES;
				CLANG_ENABLE_OBJC_ARC = YES;
				CLANG_WARN_BOOL_CONVERSION = YES;
				CLANG_WARN_CONSTANT_CONVERSION = YES;
				CLANG_WARN_DIRECT_OBJC_ISA_USAGE = YES_ERROR;
				CLANG_WARN_ENUM_CONVERSION = YES;
				CLANG_WARN_INT_CONVERSION = YES;
				CLANG_WARN_OBJC_ROOT_CLASS = YES_ERROR;
				CLANG_WARN__DUPLICATE_METHOD_MATCH = YES;
				COPY_PHASE_STRIP = NO;
				GCC_C_LANGUAGE_STANDARD = gnu99;
				GCC_DYNAMIC_NO_PIC = NO;
				GCC_ENABLE_OBJC_EXCEPTIONS = YES;
				GCC_OPTIMIZATION_LEVEL = 0;
				GCC_PREPROCESSOR_DEFINITIONS = (
					"DEBUG=1",
					"$(inherited)",
				);
				GCC_SYMBOLS_PRIVATE_EXTERN = NO;
				GCC_WARN_UNDECLARED_SELECTOR = YES;
				MACOSX_DEPLOYMENT_TARGET = 10.9;
				ONLY_ACTIVE_ARCH = YES;
				PRODUCT_NAME = "$(TARGET_NAME)";
				SDKROOT = macosx;
			};
			name = Debug;
		};
		A0D4A832192673C200E05DA8 /* Release */ = {
			isa = XCBuildConfiguration;
			buildSettings = {
				ALWAYS_SEARCH_USER_PATHS = NO;
				CLANG_CXX_LANGUAGE_STANDARD = "gnu++0x";
				CLANG_CXX_LIBRARY = "libc++";
				CLANG_ENABLE_MODULES = YES;
				CLANG_ENABLE_OBJC_ARC = YES;
				CLANG_WARN_BOOL_CONVERSION = YES;
				CLANG_WARN_CONSTANT_CONVERSION = YES;
				CLANG_WARN_DIRECT_OBJC_ISA_USAGE = YES_ERROR;
				CLANG_WARN_ENUM_CONVERSION = YES;
				CLANG_WARN_INT_CONVERSION = YES;
				CLANG_WARN_OBJC_ROOT_CLASS = YES_ERROR;
				CLANG_WARN__DUPLICATE_METHOD_MATCH = YES;
				COPY_PHASE_STRIP = YES;
				DEBUG_INFORMATION_FORMAT = "dwarf-with-dsym";
				ENABLE_NS_ASSERTIONS = NO;
				GCC_C_LANGUAGE_STANDARD = gnu99;
				GCC_ENABLE_OBJC_EXCEPTIONS = YES;
				GCC_WARN_UNDECLARED_SELECTOR = YES;
				MACOSX_DEPLOYMENT_TARGET = 10.9;
				PRODUCT_NAME = "$(TARGET_NAME)";
				SDKROOT = macosx;
			};
			name = Release;
		};
		A0D4A83E192673CB00E05DA8 /* Debug */ = {
			isa = XCBuildConfiguration;
			buildSettings = {
				ALWAYS_SEARCH_USER_PATHS = NO;
				CLANG_CXX_LANGUAGE_STANDARD = "gnu++0x";
				CLANG_CXX_LIBRARY = "libc++";
				CLANG_ENABLE_MODULES = YES;
				CLANG_ENABLE_OBJC_ARC = YES;
				CLANG_WARN_BOOL_CONVERSION = YES;
				CLANG_WARN_CONSTANT_CONVERSION = YES;
				CLANG_WARN_DIRECT_OBJC_ISA_USAGE = YES_ERROR;
				CLANG_WARN_ENUM_CONVERSION = YES;
				CLANG_WARN_INT_CONVERSION = YES;
				CLANG_WARN_OBJC_ROOT_CLASS = YES_ERROR;
				CLANG_WARN__DUPLICATE_METHOD_MATCH = YES;
				COPY_PHASE_STRIP = NO;
				GCC_C_LANGUAGE_STANDARD = gnu99;
				GCC_DYNAMIC_NO_PIC = NO;
				GCC_ENABLE_OBJC_EXCEPTIONS = YES;
				GCC_OPTIMIZATION_LEVEL = 0;
				GCC_PREPROCESSOR_DEFINITIONS = (
					"DEBUG=1",
					"$(inherited)",
				);
				GCC_SYMBOLS_PRIVATE_EXTERN = NO;
				GCC_WARN_UNDECLARED_SELECTOR = YES;
				MACOSX_DEPLOYMENT_TARGET = 10.9;
				ONLY_ACTIVE_ARCH = YES;
				PRODUCT_NAME = "$(TARGET_NAME)";
				SDKROOT = macosx;
			};
			name = Debug;
		};
		A0D4A83F192673CB00E05DA8 /* Release */ = {
			isa = XCBuildConfiguration;
			buildSettings = {
				ALWAYS_SEARCH_USER_PATHS = NO;
				CLANG_CXX_LANGUAGE_STANDARD = "gnu++0x";
				CLANG_CXX_LIBRARY = "libc++";
				CLANG_ENABLE_MODULES = YES;
				CLANG_ENABLE_OBJC_ARC = YES;
				CLANG_WARN_BOOL_CONVERSION = YES;
				CLANG_WARN_CONSTANT_CONVERSION = YES;
				CLANG_WARN_DIRECT_OBJC_ISA_USAGE = YES_ERROR;
				CLANG_WARN_ENUM_CONVERSION = YES;
				CLANG_WARN_INT_CONVERSION = YES;
				CLANG_WARN_OBJC_ROOT_CLASS = YES_ERROR;
				CLANG_WARN__DUPLICATE_METHOD_MATCH = YES;
				COPY_PHASE_STRIP = YES;
				DEBUG_INFORMATION_FORMAT = "dwarf-with-dsym";
				ENABLE_NS_ASSERTIONS = NO;
				GCC_C_LANGUAGE_STANDARD = gnu99;
				GCC_ENABLE_OBJC_EXCEPTIONS = YES;
				GCC_WARN_UNDECLARED_SELECTOR = YES;
				MACOSX_DEPLOYMENT_TARGET = 10.9;
				PRODUCT_NAME = "$(TARGET_NAME)";
				SDKROOT = macosx;
			};
			name = Release;
		};
/* End XCBuildConfiguration section */

/* Begin XCConfigurationList section */
		A070F768192165040091D372 /* Build configuration list for PBXProject "tallymark" */ = {
			isa = XCConfigurationList;
			buildConfigurations = (
				A070F769192165040091D372 /* Debug */,
				A070F76A192165040091D372 /* Release */,
			);
			defaultConfigurationIsVisible = 0;
			defaultConfigurationName = Release;
		};
		A07106E5192166CF00CC7F5F /* Build configuration list for PBXAggregateTarget "tallymark: Git Version" */ = {
			isa = XCConfigurationList;
			buildConfigurations = (
				A07106E3192166CF00CC7F5F /* Debug */,
				A07106E4192166CF00CC7F5F /* Release */,
			);
			defaultConfigurationIsVisible = 0;
			defaultConfigurationName = Release;
		};
		A0AC5F901921657C0081CD19 /* Build configuration list for PBXNativeTarget "tallymark" */ = {
			isa = XCConfigurationList;
			buildConfigurations = (
				A0AC5F8E1921657C0081CD19 /* Debug */,
				A0AC5F8F1921657C0081CD19 /* Release */,
			);
			defaultConfigurationIsVisible = 0;
			defaultConfigurationName = Release;
		};
		A0AC5F9B192165900081CD19 /* Build configuration list for PBXNativeTarget "tallymarker" */ = {
			isa = XCConfigurationList;
			buildConfigurations = (
				A0AC5F9C192165900081CD19 /* Debug */,
				A0AC5F9D192165900081CD19 /* Release */,
			);
			defaultConfigurationIsVisible = 0;
			defaultConfigurationName = Release;
		};
		A0AC5FA81921659D0081CD19 /* Build configuration list for PBXNativeTarget "tallymarked" */ = {
			isa = XCConfigurationList;
			buildConfigurations = (
				A0AC5FA91921659D0081CD19 /* Debug */,
				A0AC5FAA1921659D0081CD19 /* Release */,
			);
			defaultConfigurationIsVisible = 0;
			defaultConfigurationName = Release;
		};
		A0CF1B29192169D700E5C668 /* Build configuration list for PBXAggregateTarget "tallymark: all" */ = {
			isa = XCConfigurationList;
			buildConfigurations = (
				A0CF1B2A192169D700E5C668 /* Debug */,
				A0CF1B2B192169D700E5C668 /* Release */,
			);
			defaultConfigurationIsVisible = 0;
			defaultConfigurationName = Release;
		};
		A0D4A830192673C200E05DA8 /* Build configuration list for PBXNativeTarget "udp-client" */ = {
			isa = XCConfigurationList;
			buildConfigurations = (
				A0D4A831192673C200E05DA8 /* Debug */,
				A0D4A832192673C200E05DA8 /* Release */,
			);
			defaultConfigurationIsVisible = 0;
			defaultConfigurationName = Release;
		};
		A0D4A83D192673CB00E05DA8 /* Build configuration list for PBXNativeTarget "udp-server" */ = {
			isa = XCConfigurationList;
			buildConfigurations = (
				A0D4A83E192673CB00E05DA8 /* Debug */,
				A0D4A83F192673CB00E05DA8 /* Release */,
			);
			defaultConfigurationIsVisible = 0;
			defaultConfigurationName = Release;
		};
/* End XCConfigurationList section */
	};
	rootObject = A070F765192165040091D372 /* Project object */;
}
