// !$*UTF8*$!
{
	archiveVersion = 1;
	classes = {
	};
	objectVersion = 46;
	objects = {

/* Begin PBXAggregateTarget section */
		A00AC2D8191F64B2002684D6 /* trend sonar: git version */ = {
			isa = PBXAggregateTarget;
			buildConfigurationList = A00AC2D9191F64B3002684D6 /* Build configuration list for PBXAggregateTarget "trend sonar: git version" */;
			buildPhases = (
				A00AC2DC191F64CB002684D6 /* ShellScript */,
			);
			dependencies = (
			);
			name = "trend sonar: git version";
			productName = "trend sonar: git version";
		};
/* End PBXAggregateTarget section */

/* Begin PBXBuildFile section */
		A00AC2D5191F6437002684D6 /* version.c in Sources */ = {isa = PBXBuildFile; fileRef = A00AC2CA191F5C7B002684D6 /* version.c */; };
		A00AC2D6191F643B002684D6 /* libtrendsonar.h in Headers */ = {isa = PBXBuildFile; fileRef = A00AC2C8191F5C7B002684D6 /* libtrendsonar.h */; };
		A00AC2D7191F643F002684D6 /* trendsonar.h in Headers */ = {isa = PBXBuildFile; fileRef = A00AC2C6191F5A21002684D6 /* trendsonar.h */; settings = {ATTRIBUTES = (Public, ); }; };
		A00AC300191F6C92002684D6 /* main.c in Sources */ = {isa = PBXBuildFile; fileRef = A00AC2FF191F6C92002684D6 /* main.c */; };
		A00AC30E191F71CF002684D6 /* main.c in Sources */ = {isa = PBXBuildFile; fileRef = A00AC30D191F71CF002684D6 /* main.c */; };
/* End PBXBuildFile section */

/* Begin PBXContainerItemProxy section */
		A00AC2BA191F506F002684D6 /* PBXContainerItemProxy */ = {
			isa = PBXContainerItemProxy;
			containerPortal = A00AC2B1191F506F002684D6 /* bindletools.xcodeproj */;
			proxyType = 2;
			remoteGlobalIDString = A0EE9F2318DFE15600CF8788;
			remoteInfo = "bindle-ios";
		};
		A00AC2BC191F506F002684D6 /* PBXContainerItemProxy */ = {
			isa = PBXContainerItemProxy;
			containerPortal = A00AC2B1191F506F002684D6 /* bindletools.xcodeproj */;
			proxyType = 2;
			remoteGlobalIDString = A0EE9F1B18DFE10F00CF8788;
			remoteInfo = "bindle-osx";
		};
		A00AC2BE191F506F002684D6 /* PBXContainerItemProxy */ = {
			isa = PBXContainerItemProxy;
			containerPortal = A00AC2B1191F506F002684D6 /* bindletools.xcodeproj */;
			proxyType = 2;
			remoteGlobalIDString = A06092F718DF8FC000434E5C;
			remoteInfo = fdtest;
		};
		A00AC2DD191F64E9002684D6 /* PBXContainerItemProxy */ = {
			isa = PBXContainerItemProxy;
			containerPortal = A0B6A3F4191F4408000636B2 /* Project object */;
			proxyType = 1;
			remoteGlobalIDString = A00AC2D8191F64B2002684D6;
			remoteInfo = "trend sonar: git version";
		};
		A00AC301191F6CC5002684D6 /* PBXContainerItemProxy */ = {
			isa = PBXContainerItemProxy;
			containerPortal = A0B6A3F4191F4408000636B2 /* Project object */;
			proxyType = 1;
			remoteGlobalIDString = A00AC2CF191F6425002684D6;
			remoteInfo = libtrendsonar;
		};
		A00AC303191F6CCA002684D6 /* PBXContainerItemProxy */ = {
			isa = PBXContainerItemProxy;
			containerPortal = A0B6A3F4191F4408000636B2 /* Project object */;
			proxyType = 1;
			remoteGlobalIDString = A00AC2CF191F6425002684D6;
			remoteInfo = libtrendsonar;
		};
/* End PBXContainerItemProxy section */

/* Begin PBXCopyFilesBuildPhase section */
		A00AC2E7191F6C5E002684D6 /* CopyFiles */ = {
			isa = PBXCopyFilesBuildPhase;
			buildActionMask = 2147483647;
			dstPath = /usr/share/man/man1/;
			dstSubfolderSpec = 0;
			files = (
			);
			runOnlyForDeploymentPostprocessing = 1;
		};
		A00AC2F4191F6C6F002684D6 /* CopyFiles */ = {
			isa = PBXCopyFilesBuildPhase;
			buildActionMask = 2147483647;
			dstPath = /usr/share/man/man1/;
			dstSubfolderSpec = 0;
			files = (
			);
			runOnlyForDeploymentPostprocessing = 1;
		};
/* End PBXCopyFilesBuildPhase section */

/* Begin PBXFileReference section */
		A00AC286191F4D36002684D6 /* acinclude.m4 */ = {isa = PBXFileReference; explicitFileType = text.script; path = acinclude.m4; sourceTree = "<group>"; };
		A00AC287191F4D36002684D6 /* AUTHORS */ = {isa = PBXFileReference; lastKnownFileType = text; path = AUTHORS; sourceTree = "<group>"; };
		A00AC288191F4D36002684D6 /* autogen.sh */ = {isa = PBXFileReference; lastKnownFileType = text.script.sh; path = autogen.sh; sourceTree = "<group>"; };
		A00AC298191F4D36002684D6 /* git-tar-name.txt */ = {isa = PBXFileReference; lastKnownFileType = text; path = "git-tar-name.txt"; sourceTree = "<group>"; };
		A00AC29E191F4D36002684D6 /* ChangeLog */ = {isa = PBXFileReference; indentWidth = 8; lastKnownFileType = text; path = ChangeLog; sourceTree = "<group>"; tabWidth = 8; usesTabs = 1; };
		A00AC29F191F4D36002684D6 /* configure.ac */ = {isa = PBXFileReference; explicitFileType = text.script; path = configure.ac; sourceTree = "<group>"; };
		A00AC2A0191F4D36002684D6 /* COPYING */ = {isa = PBXFileReference; lastKnownFileType = text; path = COPYING; sourceTree = "<group>"; };
		A00AC2AD191F4D36002684D6 /* Makefile.am */ = {isa = PBXFileReference; explicitFileType = sourcecode.make; indentWidth = 8; path = Makefile.am; sourceTree = "<group>"; tabWidth = 8; usesTabs = 1; };
		A00AC2AE191F4D36002684D6 /* NEWS */ = {isa = PBXFileReference; lastKnownFileType = text; path = NEWS; sourceTree = "<group>"; };
		A00AC2AF191F4D36002684D6 /* README */ = {isa = PBXFileReference; lastKnownFileType = text; path = README; sourceTree = "<group>"; };
		A00AC2B1191F506F002684D6 /* bindletools.xcodeproj */ = {isa = PBXFileReference; lastKnownFileType = "wrapper.pb-project"; name = bindletools.xcodeproj; path = bindletools/bindletools.xcodeproj; sourceTree = "<group>"; };
		A00AC2C6191F5A21002684D6 /* trendsonar.h */ = {isa = PBXFileReference; lastKnownFileType = sourcecode.c.h; path = trendsonar.h; sourceTree = "<group>"; };
		A00AC2C8191F5C7B002684D6 /* libtrendsonar.h */ = {isa = PBXFileReference; lastKnownFileType = sourcecode.c.h; path = libtrendsonar.h; sourceTree = "<group>"; };
		A00AC2C9191F5C7B002684D6 /* libtrendsonar.sym */ = {isa = PBXFileReference; explicitFileType = text.script; path = libtrendsonar.sym; sourceTree = "<group>"; };
		A00AC2CA191F5C7B002684D6 /* version.c */ = {isa = PBXFileReference; lastKnownFileType = sourcecode.c.c; path = version.c; sourceTree = "<group>"; };
		A00AC2D0191F6425002684D6 /* liblibtrendsonar.a */ = {isa = PBXFileReference; explicitFileType = archive.ar; includeInIndex = 0; path = liblibtrendsonar.a; sourceTree = BUILT_PRODUCTS_DIR; };
		A00AC2E9191F6C5E002684D6 /* trendsonar */ = {isa = PBXFileReference; explicitFileType = "compiled.mach-o.executable"; includeInIndex = 0; path = trendsonar; sourceTree = BUILT_PRODUCTS_DIR; };
		A00AC2F6191F6C6F002684D6 /* trendsonard */ = {isa = PBXFileReference; explicitFileType = "compiled.mach-o.executable"; includeInIndex = 0; path = trendsonard; sourceTree = BUILT_PRODUCTS_DIR; };
		A00AC2FF191F6C92002684D6 /* main.c */ = {isa = PBXFileReference; fileEncoding = 4; lastKnownFileType = sourcecode.c.c; path = main.c; sourceTree = "<group>"; };
		A00AC30D191F71CF002684D6 /* main.c */ = {isa = PBXFileReference; fileEncoding = 4; lastKnownFileType = sourcecode.c.c; path = main.c; sourceTree = "<group>"; };
/* End PBXFileReference section */

/* Begin PBXFrameworksBuildPhase section */
		A00AC2CD191F6425002684D6 /* Frameworks */ = {
			isa = PBXFrameworksBuildPhase;
			buildActionMask = 2147483647;
			files = (
			);
			runOnlyForDeploymentPostprocessing = 0;
		};
		A00AC2E6191F6C5E002684D6 /* Frameworks */ = {
			isa = PBXFrameworksBuildPhase;
			buildActionMask = 2147483647;
			files = (
			);
			runOnlyForDeploymentPostprocessing = 0;
		};
		A00AC2F3191F6C6F002684D6 /* Frameworks */ = {
			isa = PBXFrameworksBuildPhase;
			buildActionMask = 2147483647;
			files = (
			);
			runOnlyForDeploymentPostprocessing = 0;
		};
/* End PBXFrameworksBuildPhase section */

/* Begin PBXGroup section */
		A00AC289191F4D36002684D6 /* build */ = {
			isa = PBXGroup;
			children = (
			);
			path = build;
			sourceTree = "<group>";
		};
		A00AC293191F4D36002684D6 /* build-aux */ = {
			isa = PBXGroup;
			children = (
				A00AC298191F4D36002684D6 /* git-tar-name.txt */,
			);
			path = "build-aux";
			sourceTree = "<group>";
		};
		A00AC2A1191F4D36002684D6 /* include */ = {
			isa = PBXGroup;
			children = (
				A00AC2C6191F5A21002684D6 /* trendsonar.h */,
			);
			path = include;
			sourceTree = "<group>";
		};
		A00AC2A6191F4D36002684D6 /* m4 */ = {
			isa = PBXGroup;
			children = (
			);
			path = m4;
			sourceTree = "<group>";
		};
		A00AC2B0191F504E002684D6 /* contrib */ = {
			isa = PBXGroup;
			children = (
				A00AC2B1191F506F002684D6 /* bindletools.xcodeproj */,
			);
			path = contrib;
			sourceTree = "<group>";
		};
		A00AC2B2191F506F002684D6 /* Products */ = {
			isa = PBXGroup;
			children = (
				A00AC2BB191F506F002684D6 /* libbindle-ios.a */,
				A00AC2BD191F506F002684D6 /* libbindle-osx.a */,
				A00AC2BF191F506F002684D6 /* fdtest */,
			);
			name = Products;
			sourceTree = "<group>";
		};
		A00AC2C0191F591A002684D6 /* lib */ = {
			isa = PBXGroup;
			children = (
				A00AC2C1191F591A002684D6 /* libtrendsonar */,
			);
			path = lib;
			sourceTree = "<group>";
		};
		A00AC2C1191F591A002684D6 /* libtrendsonar */ = {
			isa = PBXGroup;
			children = (
				A00AC2C8191F5C7B002684D6 /* libtrendsonar.h */,
				A00AC2C9191F5C7B002684D6 /* libtrendsonar.sym */,
				A00AC2CA191F5C7B002684D6 /* version.c */,
			);
			path = libtrendsonar;
			sourceTree = "<group>";
		};
		A00AC2C2191F591A002684D6 /* src */ = {
			isa = PBXGroup;
			children = (
				A00AC2C3191F591A002684D6 /* trendsonar */,
				A00AC2C4191F591A002684D6 /* trendsonard */,
			);
			path = src;
			sourceTree = "<group>";
		};
		A00AC2C3191F591A002684D6 /* trendsonar */ = {
			isa = PBXGroup;
			children = (
				A00AC2FF191F6C92002684D6 /* main.c */,
			);
			path = trendsonar;
			sourceTree = "<group>";
		};
		A00AC2C4191F591A002684D6 /* trendsonard */ = {
			isa = PBXGroup;
			children = (
				A00AC30D191F71CF002684D6 /* main.c */,
			);
			path = trendsonard;
			sourceTree = "<group>";
		};
		A00AC2C5191F595A002684D6 /* docs */ = {
			isa = PBXGroup;
			children = (
			);
			path = docs;
			sourceTree = "<group>";
		};
		A00AC2D1191F6425002684D6 /* Products */ = {
			isa = PBXGroup;
			children = (
				A00AC2D0191F6425002684D6 /* liblibtrendsonar.a */,
				A00AC2E9191F6C5E002684D6 /* trendsonar */,
				A00AC2F6191F6C6F002684D6 /* trendsonard */,
			);
			name = Products;
			sourceTree = "<group>";
		};
		A0B6A3F3191F4408000636B2 = {
			isa = PBXGroup;
			children = (
				A00AC286191F4D36002684D6 /* acinclude.m4 */,
				A00AC287191F4D36002684D6 /* AUTHORS */,
				A00AC288191F4D36002684D6 /* autogen.sh */,
				A00AC29E191F4D36002684D6 /* ChangeLog */,
				A00AC29F191F4D36002684D6 /* configure.ac */,
				A00AC2A0191F4D36002684D6 /* COPYING */,
				A00AC2AD191F4D36002684D6 /* Makefile.am */,
				A00AC2AE191F4D36002684D6 /* NEWS */,
				A00AC2AF191F4D36002684D6 /* README */,
				A00AC289191F4D36002684D6 /* build */,
				A00AC293191F4D36002684D6 /* build-aux */,
				A00AC2B0191F504E002684D6 /* contrib */,
				A00AC2C5191F595A002684D6 /* docs */,
				A00AC2A1191F4D36002684D6 /* include */,
				A00AC2C0191F591A002684D6 /* lib */,
				A00AC2A6191F4D36002684D6 /* m4 */,
				A00AC2C2191F591A002684D6 /* src */,
				A00AC2D1191F6425002684D6 /* Products */,
			);
			sourceTree = "<group>";
		};
/* End PBXGroup section */

/* Begin PBXHeadersBuildPhase section */
		A00AC2CE191F6425002684D6 /* Headers */ = {
			isa = PBXHeadersBuildPhase;
			buildActionMask = 2147483647;
			files = (
				A00AC2D7191F643F002684D6 /* trendsonar.h in Headers */,
				A00AC2D6191F643B002684D6 /* libtrendsonar.h in Headers */,
			);
			runOnlyForDeploymentPostprocessing = 0;
		};
/* End PBXHeadersBuildPhase section */

/* Begin PBXNativeTarget section */
		A00AC2CF191F6425002684D6 /* libtrendsonar */ = {
			isa = PBXNativeTarget;
			buildConfigurationList = A00AC2D2191F6425002684D6 /* Build configuration list for PBXNativeTarget "libtrendsonar" */;
			buildPhases = (
				A00AC2CC191F6425002684D6 /* Sources */,
				A00AC2CD191F6425002684D6 /* Frameworks */,
				A00AC2CE191F6425002684D6 /* Headers */,
			);
			buildRules = (
			);
			dependencies = (
				A00AC2DE191F64E9002684D6 /* PBXTargetDependency */,
			);
			name = libtrendsonar;
			productName = libtrendsonar;
			productReference = A00AC2D0191F6425002684D6 /* liblibtrendsonar.a */;
			productType = "com.apple.product-type.library.static";
		};
		A00AC2E8191F6C5E002684D6 /* trendsonar */ = {
			isa = PBXNativeTarget;
			buildConfigurationList = A00AC2EF191F6C5E002684D6 /* Build configuration list for PBXNativeTarget "trendsonar" */;
			buildPhases = (
				A00AC2E5191F6C5E002684D6 /* Sources */,
				A00AC2E6191F6C5E002684D6 /* Frameworks */,
				A00AC2E7191F6C5E002684D6 /* CopyFiles */,
			);
			buildRules = (
			);
			dependencies = (
				A00AC304191F6CCA002684D6 /* PBXTargetDependency */,
			);
			name = trendsonar;
			productName = trendsonar;
			productReference = A00AC2E9191F6C5E002684D6 /* trendsonar */;
			productType = "com.apple.product-type.tool";
		};
		A00AC2F5191F6C6F002684D6 /* trendsonard */ = {
			isa = PBXNativeTarget;
			buildConfigurationList = A00AC2FC191F6C6F002684D6 /* Build configuration list for PBXNativeTarget "trendsonard" */;
			buildPhases = (
				A00AC2F2191F6C6F002684D6 /* Sources */,
				A00AC2F3191F6C6F002684D6 /* Frameworks */,
				A00AC2F4191F6C6F002684D6 /* CopyFiles */,
			);
			buildRules = (
			);
			dependencies = (
				A00AC302191F6CC5002684D6 /* PBXTargetDependency */,
			);
			name = trendsonard;
			productName = trendsonard;
			productReference = A00AC2F6191F6C6F002684D6 /* trendsonard */;
			productType = "com.apple.product-type.tool";
		};
/* End PBXNativeTarget section */

/* Begin PBXProject section */
		A0B6A3F4191F4408000636B2 /* Project object */ = {
			isa = PBXProject;
			attributes = {
				LastUpgradeCheck = 0510;
			};
			buildConfigurationList = A0B6A3F7191F4408000636B2 /* Build configuration list for PBXProject "trendsonar" */;
			compatibilityVersion = "Xcode 3.2";
			developmentRegion = English;
			hasScannedForEncodings = 0;
			knownRegions = (
				en,
			);
			mainGroup = A0B6A3F3191F4408000636B2;
			productRefGroup = A00AC2D1191F6425002684D6 /* Products */;
			projectDirPath = "";
			projectReferences = (
				{
					ProductGroup = A00AC2B2191F506F002684D6 /* Products */;
					ProjectRef = A00AC2B1191F506F002684D6 /* bindletools.xcodeproj */;
				},
			);
			projectRoot = "";
			targets = (
				A00AC2CF191F6425002684D6 /* libtrendsonar */,
				A00AC2D8191F64B2002684D6 /* trend sonar: git version */,
				A00AC2E8191F6C5E002684D6 /* trendsonar */,
				A00AC2F5191F6C6F002684D6 /* trendsonard */,
			);
		};
/* End PBXProject section */

/* Begin PBXReferenceProxy section */
		A00AC2BB191F506F002684D6 /* libbindle-ios.a */ = {
			isa = PBXReferenceProxy;
			fileType = archive.ar;
			path = "libbindle-ios.a";
			remoteRef = A00AC2BA191F506F002684D6 /* PBXContainerItemProxy */;
			sourceTree = BUILT_PRODUCTS_DIR;
		};
		A00AC2BD191F506F002684D6 /* libbindle-osx.a */ = {
			isa = PBXReferenceProxy;
			fileType = archive.ar;
			path = "libbindle-osx.a";
			remoteRef = A00AC2BC191F506F002684D6 /* PBXContainerItemProxy */;
			sourceTree = BUILT_PRODUCTS_DIR;
		};
		A00AC2BF191F506F002684D6 /* fdtest */ = {
			isa = PBXReferenceProxy;
			fileType = "compiled.mach-o.executable";
			path = fdtest;
			remoteRef = A00AC2BE191F506F002684D6 /* PBXContainerItemProxy */;
			sourceTree = BUILT_PRODUCTS_DIR;
		};
/* End PBXReferenceProxy section */

/* Begin PBXShellScriptBuildPhase section */
		A00AC2DC191F64CB002684D6 /* ShellScript */ = {
			isa = PBXShellScriptBuildPhase;
			buildActionMask = 2147483647;
			files = (
			);
			inputPaths = (
			);
			outputPaths = (
			);
			runOnlyForDeploymentPostprocessing = 0;
			shellPath = /bin/sh;
			shellScript = "./contrib/bindletools/build-aux/git-package-version.sh ${PROJECT_DIR} ${PROJECT_DIR}/include";
			showEnvVarsInLog = 0;
		};
/* End PBXShellScriptBuildPhase section */

/* Begin PBXSourcesBuildPhase section */
		A00AC2CC191F6425002684D6 /* Sources */ = {
			isa = PBXSourcesBuildPhase;
			buildActionMask = 2147483647;
			files = (
				A00AC2D5191F6437002684D6 /* version.c in Sources */,
			);
			runOnlyForDeploymentPostprocessing = 0;
		};
		A00AC2E5191F6C5E002684D6 /* Sources */ = {
			isa = PBXSourcesBuildPhase;
			buildActionMask = 2147483647;
			files = (
				A00AC300191F6C92002684D6 /* main.c in Sources */,
			);
			runOnlyForDeploymentPostprocessing = 0;
		};
		A00AC2F2191F6C6F002684D6 /* Sources */ = {
			isa = PBXSourcesBuildPhase;
			buildActionMask = 2147483647;
			files = (
				A00AC30E191F71CF002684D6 /* main.c in Sources */,
			);
			runOnlyForDeploymentPostprocessing = 0;
		};
/* End PBXSourcesBuildPhase section */

/* Begin PBXTargetDependency section */
		A00AC2DE191F64E9002684D6 /* PBXTargetDependency */ = {
			isa = PBXTargetDependency;
			target = A00AC2D8191F64B2002684D6 /* trend sonar: git version */;
			targetProxy = A00AC2DD191F64E9002684D6 /* PBXContainerItemProxy */;
		};
		A00AC302191F6CC5002684D6 /* PBXTargetDependency */ = {
			isa = PBXTargetDependency;
			target = A00AC2CF191F6425002684D6 /* libtrendsonar */;
			targetProxy = A00AC301191F6CC5002684D6 /* PBXContainerItemProxy */;
		};
		A00AC304191F6CCA002684D6 /* PBXTargetDependency */ = {
			isa = PBXTargetDependency;
			target = A00AC2CF191F6425002684D6 /* libtrendsonar */;
			targetProxy = A00AC303191F6CCA002684D6 /* PBXContainerItemProxy */;
		};
/* End PBXTargetDependency section */

/* Begin XCBuildConfiguration section */
		A00AC2D3191F6425002684D6 /* Debug */ = {
			isa = XCBuildConfiguration;
			buildSettings = {
				ALWAYS_SEARCH_USER_PATHS = YES;
				CLANG_CXX_LANGUAGE_STANDARD = "gnu++0x";
				CLANG_CXX_LIBRARY = "libc++";
				CLANG_ENABLE_MODULES = YES;
				CLANG_ENABLE_OBJC_ARC = YES;
				CLANG_WARN_BOOL_CONVERSION = YES;
				CLANG_WARN_CONSTANT_CONVERSION = YES;
				CLANG_WARN_DIRECT_OBJC_ISA_USAGE = YES_ERROR;
				CLANG_WARN_EMPTY_BODY = YES;
				CLANG_WARN_ENUM_CONVERSION = YES;
				CLANG_WARN_INT_CONVERSION = YES;
				CLANG_WARN_OBJC_ROOT_CLASS = YES_ERROR;
				CLANG_WARN__DUPLICATE_METHOD_MATCH = YES;
				COPY_PHASE_STRIP = NO;
				EXECUTABLE_PREFIX = lib;
				GCC_C_LANGUAGE_STANDARD = gnu99;
				GCC_DYNAMIC_NO_PIC = NO;
				GCC_ENABLE_OBJC_EXCEPTIONS = YES;
				GCC_OPTIMIZATION_LEVEL = 0;
				GCC_PREPROCESSOR_DEFINITIONS = (
					"DEBUG=1",
					"$(inherited)",
				);
				GCC_SYMBOLS_PRIVATE_EXTERN = NO;
				GCC_WARN_64_TO_32_BIT_CONVERSION = YES;
				GCC_WARN_ABOUT_RETURN_TYPE = YES_ERROR;
				GCC_WARN_UNDECLARED_SELECTOR = YES;
				GCC_WARN_UNINITIALIZED_AUTOS = YES_AGGRESSIVE;
				GCC_WARN_UNUSED_FUNCTION = YES;
				GCC_WARN_UNUSED_VARIABLE = YES;
				MACOSX_DEPLOYMENT_TARGET = 10.9;
				ONLY_ACTIVE_ARCH = YES;
				PRODUCT_NAME = "$(TARGET_NAME)";
				SDKROOT = macosx;
				USER_HEADER_SEARCH_PATHS = include;
			};
			name = Debug;
		};
		A00AC2D4191F6425002684D6 /* Release */ = {
			isa = XCBuildConfiguration;
			buildSettings = {
				ALWAYS_SEARCH_USER_PATHS = YES;
				CLANG_CXX_LANGUAGE_STANDARD = "gnu++0x";
				CLANG_CXX_LIBRARY = "libc++";
				CLANG_ENABLE_MODULES = YES;
				CLANG_ENABLE_OBJC_ARC = YES;
				CLANG_WARN_BOOL_CONVERSION = YES;
				CLANG_WARN_CONSTANT_CONVERSION = YES;
				CLANG_WARN_DIRECT_OBJC_ISA_USAGE = YES_ERROR;
				CLANG_WARN_EMPTY_BODY = YES;
				CLANG_WARN_ENUM_CONVERSION = YES;
				CLANG_WARN_INT_CONVERSION = YES;
				CLANG_WARN_OBJC_ROOT_CLASS = YES_ERROR;
				CLANG_WARN__DUPLICATE_METHOD_MATCH = YES;
				COPY_PHASE_STRIP = YES;
				DEBUG_INFORMATION_FORMAT = "dwarf-with-dsym";
				ENABLE_NS_ASSERTIONS = NO;
				EXECUTABLE_PREFIX = lib;
				GCC_C_LANGUAGE_STANDARD = gnu99;
				GCC_ENABLE_OBJC_EXCEPTIONS = YES;
				GCC_WARN_64_TO_32_BIT_CONVERSION = YES;
				GCC_WARN_ABOUT_RETURN_TYPE = YES_ERROR;
				GCC_WARN_UNDECLARED_SELECTOR = YES;
				GCC_WARN_UNINITIALIZED_AUTOS = YES_AGGRESSIVE;
				GCC_WARN_UNUSED_FUNCTION = YES;
				GCC_WARN_UNUSED_VARIABLE = YES;
				MACOSX_DEPLOYMENT_TARGET = 10.9;
				PRODUCT_NAME = "$(TARGET_NAME)";
				SDKROOT = macosx;
				USER_HEADER_SEARCH_PATHS = include;
			};
			name = Release;
		};
		A00AC2DA191F64B3002684D6 /* Debug */ = {
			isa = XCBuildConfiguration;
			buildSettings = {
				PRODUCT_NAME = "$(TARGET_NAME)";
			};
			name = Debug;
		};
		A00AC2DB191F64B3002684D6 /* Release */ = {
			isa = XCBuildConfiguration;
			buildSettings = {
				PRODUCT_NAME = "$(TARGET_NAME)";
			};
			name = Release;
		};
		A00AC2F0191F6C5E002684D6 /* Debug */ = {
			isa = XCBuildConfiguration;
			buildSettings = {
				CLANG_CXX_LANGUAGE_STANDARD = "gnu++0x";
				CLANG_CXX_LIBRARY = "libc++";
				CLANG_ENABLE_MODULES = YES;
				CLANG_ENABLE_OBJC_ARC = YES;
				CLANG_WARN_BOOL_CONVERSION = YES;
				CLANG_WARN_CONSTANT_CONVERSION = YES;
				CLANG_WARN_DIRECT_OBJC_ISA_USAGE = YES_ERROR;
				CLANG_WARN_EMPTY_BODY = YES;
				CLANG_WARN_ENUM_CONVERSION = YES;
				CLANG_WARN_INT_CONVERSION = YES;
				CLANG_WARN_OBJC_ROOT_CLASS = YES_ERROR;
				CLANG_WARN__DUPLICATE_METHOD_MATCH = YES;
				COPY_PHASE_STRIP = NO;
				GCC_C_LANGUAGE_STANDARD = gnu99;
				GCC_DYNAMIC_NO_PIC = NO;
				GCC_ENABLE_OBJC_EXCEPTIONS = YES;
				GCC_OPTIMIZATION_LEVEL = 0;
				GCC_PREPROCESSOR_DEFINITIONS = (
					"DEBUG=1",
					"$(inherited)",
				);
				GCC_SYMBOLS_PRIVATE_EXTERN = NO;
				GCC_WARN_64_TO_32_BIT_CONVERSION = YES;
				GCC_WARN_ABOUT_RETURN_TYPE = YES_ERROR;
				GCC_WARN_UNDECLARED_SELECTOR = YES;
				GCC_WARN_UNINITIALIZED_AUTOS = YES_AGGRESSIVE;
				GCC_WARN_UNUSED_FUNCTION = YES;
				GCC_WARN_UNUSED_VARIABLE = YES;
				MACOSX_DEPLOYMENT_TARGET = 10.9;
				ONLY_ACTIVE_ARCH = YES;
				PRODUCT_NAME = "$(TARGET_NAME)";
				SDKROOT = macosx;
			};
			name = Debug;
		};
		A00AC2F1191F6C5E002684D6 /* Release */ = {
			isa = XCBuildConfiguration;
			buildSettings = {
				CLANG_CXX_LANGUAGE_STANDARD = "gnu++0x";
				CLANG_CXX_LIBRARY = "libc++";
				CLANG_ENABLE_MODULES = YES;
				CLANG_ENABLE_OBJC_ARC = YES;
				CLANG_WARN_BOOL_CONVERSION = YES;
				CLANG_WARN_CONSTANT_CONVERSION = YES;
				CLANG_WARN_DIRECT_OBJC_ISA_USAGE = YES_ERROR;
				CLANG_WARN_EMPTY_BODY = YES;
				CLANG_WARN_ENUM_CONVERSION = YES;
				CLANG_WARN_INT_CONVERSION = YES;
				CLANG_WARN_OBJC_ROOT_CLASS = YES_ERROR;
				CLANG_WARN__DUPLICATE_METHOD_MATCH = YES;
				COPY_PHASE_STRIP = YES;
				DEBUG_INFORMATION_FORMAT = "dwarf-with-dsym";
				ENABLE_NS_ASSERTIONS = NO;
				GCC_C_LANGUAGE_STANDARD = gnu99;
				GCC_ENABLE_OBJC_EXCEPTIONS = YES;
				GCC_WARN_64_TO_32_BIT_CONVERSION = YES;
				GCC_WARN_ABOUT_RETURN_TYPE = YES_ERROR;
				GCC_WARN_UNDECLARED_SELECTOR = YES;
				GCC_WARN_UNINITIALIZED_AUTOS = YES_AGGRESSIVE;
				GCC_WARN_UNUSED_FUNCTION = YES;
				GCC_WARN_UNUSED_VARIABLE = YES;
				MACOSX_DEPLOYMENT_TARGET = 10.9;
				PRODUCT_NAME = "$(TARGET_NAME)";
				SDKROOT = macosx;
			};
			name = Release;
		};
		A00AC2FD191F6C6F002684D6 /* Debug */ = {
			isa = XCBuildConfiguration;
			buildSettings = {
				ALWAYS_SEARCH_USER_PATHS = NO;
				CLANG_CXX_LANGUAGE_STANDARD = "gnu++0x";
				CLANG_CXX_LIBRARY = "libc++";
				CLANG_ENABLE_MODULES = YES;
				CLANG_ENABLE_OBJC_ARC = YES;
				CLANG_WARN_BOOL_CONVERSION = YES;
				CLANG_WARN_CONSTANT_CONVERSION = YES;
				CLANG_WARN_DIRECT_OBJC_ISA_USAGE = YES_ERROR;
				CLANG_WARN_EMPTY_BODY = YES;
				CLANG_WARN_ENUM_CONVERSION = YES;
				CLANG_WARN_INT_CONVERSION = YES;
				CLANG_WARN_OBJC_ROOT_CLASS = YES_ERROR;
				CLANG_WARN__DUPLICATE_METHOD_MATCH = YES;
				COPY_PHASE_STRIP = NO;
				GCC_C_LANGUAGE_STANDARD = gnu99;
				GCC_DYNAMIC_NO_PIC = NO;
				GCC_ENABLE_OBJC_EXCEPTIONS = YES;
				GCC_OPTIMIZATION_LEVEL = 0;
				GCC_PREPROCESSOR_DEFINITIONS = (
					"DEBUG=1",
					"$(inherited)",
				);
				GCC_SYMBOLS_PRIVATE_EXTERN = NO;
				GCC_WARN_64_TO_32_BIT_CONVERSION = YES;
				GCC_WARN_ABOUT_RETURN_TYPE = YES_ERROR;
				GCC_WARN_UNDECLARED_SELECTOR = YES;
				GCC_WARN_UNINITIALIZED_AUTOS = YES_AGGRESSIVE;
				GCC_WARN_UNUSED_FUNCTION = YES;
				GCC_WARN_UNUSED_VARIABLE = YES;
				MACOSX_DEPLOYMENT_TARGET = 10.9;
				ONLY_ACTIVE_ARCH = YES;
				PRODUCT_NAME = "$(TARGET_NAME)";
				SDKROOT = macosx;
			};
			name = Debug;
		};
		A00AC2FE191F6C6F002684D6 /* Release */ = {
			isa = XCBuildConfiguration;
			buildSettings = {
				ALWAYS_SEARCH_USER_PATHS = NO;
				CLANG_CXX_LANGUAGE_STANDARD = "gnu++0x";
				CLANG_CXX_LIBRARY = "libc++";
				CLANG_ENABLE_MODULES = YES;
				CLANG_ENABLE_OBJC_ARC = YES;
				CLANG_WARN_BOOL_CONVERSION = YES;
				CLANG_WARN_CONSTANT_CONVERSION = YES;
				CLANG_WARN_DIRECT_OBJC_ISA_USAGE = YES_ERROR;
				CLANG_WARN_EMPTY_BODY = YES;
				CLANG_WARN_ENUM_CONVERSION = YES;
				CLANG_WARN_INT_CONVERSION = YES;
				CLANG_WARN_OBJC_ROOT_CLASS = YES_ERROR;
				CLANG_WARN__DUPLICATE_METHOD_MATCH = YES;
				COPY_PHASE_STRIP = YES;
				DEBUG_INFORMATION_FORMAT = "dwarf-with-dsym";
				ENABLE_NS_ASSERTIONS = NO;
				GCC_C_LANGUAGE_STANDARD = gnu99;
				GCC_ENABLE_OBJC_EXCEPTIONS = YES;
				GCC_WARN_64_TO_32_BIT_CONVERSION = YES;
				GCC_WARN_ABOUT_RETURN_TYPE = YES_ERROR;
				GCC_WARN_UNDECLARED_SELECTOR = YES;
				GCC_WARN_UNINITIALIZED_AUTOS = YES_AGGRESSIVE;
				GCC_WARN_UNUSED_FUNCTION = YES;
				GCC_WARN_UNUSED_VARIABLE = YES;
				MACOSX_DEPLOYMENT_TARGET = 10.9;
				PRODUCT_NAME = "$(TARGET_NAME)";
				SDKROOT = macosx;
			};
			name = Release;
		};
		A0B6A3F8191F4408000636B2 /* Debug */ = {
			isa = XCBuildConfiguration;
			buildSettings = {
				USER_HEADER_SEARCH_PATHS = include;
			};
			name = Debug;
		};
		A0B6A3F9191F4408000636B2 /* Release */ = {
			isa = XCBuildConfiguration;
			buildSettings = {
				USER_HEADER_SEARCH_PATHS = include;
			};
			name = Release;
		};
/* End XCBuildConfiguration section */

/* Begin XCConfigurationList section */
		A00AC2D2191F6425002684D6 /* Build configuration list for PBXNativeTarget "libtrendsonar" */ = {
			isa = XCConfigurationList;
			buildConfigurations = (
				A00AC2D3191F6425002684D6 /* Debug */,
				A00AC2D4191F6425002684D6 /* Release */,
			);
			defaultConfigurationIsVisible = 0;
		};
		A00AC2D9191F64B3002684D6 /* Build configuration list for PBXAggregateTarget "trend sonar: git version" */ = {
			isa = XCConfigurationList;
			buildConfigurations = (
				A00AC2DA191F64B3002684D6 /* Debug */,
				A00AC2DB191F64B3002684D6 /* Release */,
			);
			defaultConfigurationIsVisible = 0;
		};
		A00AC2EF191F6C5E002684D6 /* Build configuration list for PBXNativeTarget "trendsonar" */ = {
			isa = XCConfigurationList;
			buildConfigurations = (
				A00AC2F0191F6C5E002684D6 /* Debug */,
				A00AC2F1191F6C5E002684D6 /* Release */,
			);
			defaultConfigurationIsVisible = 0;
		};
		A00AC2FC191F6C6F002684D6 /* Build configuration list for PBXNativeTarget "trendsonard" */ = {
			isa = XCConfigurationList;
			buildConfigurations = (
				A00AC2FD191F6C6F002684D6 /* Debug */,
				A00AC2FE191F6C6F002684D6 /* Release */,
			);
			defaultConfigurationIsVisible = 0;
		};
		A0B6A3F7191F4408000636B2 /* Build configuration list for PBXProject "trendsonar" */ = {
			isa = XCConfigurationList;
			buildConfigurations = (
				A0B6A3F8191F4408000636B2 /* Debug */,
				A0B6A3F9191F4408000636B2 /* Release */,
			);
			defaultConfigurationIsVisible = 0;
			defaultConfigurationName = Release;
		};
/* End XCConfigurationList section */
	};
	rootObject = A0B6A3F4191F4408000636B2 /* Project object */;
}
